// !$*UTF8*$!
{
	archiveVersion = 1;
	classes = {
	};
	objectVersion = 50;
	objects = {

/* Begin PBXBuildFile section */
		77D3A18A2618C0E60097BB65 /* GuessTheFlagApp.swift in Sources */ = {isa = PBXBuildFile; fileRef = 77D3A1892618C0E60097BB65 /* GuessTheFlagApp.swift */; };
		77D3A18C2618C0E60097BB65 /* ContentView.swift in Sources */ = {isa = PBXBuildFile; fileRef = 77D3A18B2618C0E60097BB65 /* ContentView.swift */; };
		77D3A18E2618C0E60097BB65 /* Assets.xcassets in Resources */ = {isa = PBXBuildFile; fileRef = 77D3A18D2618C0E60097BB65 /* Assets.xcassets */; };
		77D3A1912618C0E60097BB65 /* Preview Assets.xcassets in Resources */ = {isa = PBXBuildFile; fileRef = 77D3A1902618C0E60097BB65 /* Preview Assets.xcassets */; };
		77D3A19C2618C0E70097BB65 /* GuessTheFlagTests.swift in Sources */ = {isa = PBXBuildFile; fileRef = 77D3A19B2618C0E70097BB65 /* GuessTheFlagTests.swift */; };
		77D3A1A72618C0E70097BB65 /* GuessTheFlagUITests.swift in Sources */ = {isa = PBXBuildFile; fileRef = 77D3A1A62618C0E70097BB65 /* GuessTheFlagUITests.swift */; };
/* End PBXBuildFile section */

/* Begin PBXContainerItemProxy section */
		77D3A1982618C0E70097BB65 /* PBXContainerItemProxy */ = {
			isa = PBXContainerItemProxy;
			containerPortal = 77D3A17E2618C0E60097BB65 /* Project object */;
			proxyType = 1;
			remoteGlobalIDString = 77D3A1852618C0E60097BB65;
			remoteInfo = GuessTheFlag;
		};
		77D3A1A32618C0E70097BB65 /* PBXContainerItemProxy */ = {
			isa = PBXContainerItemProxy;
			containerPortal = 77D3A17E2618C0E60097BB65 /* Project object */;
			proxyType = 1;
			remoteGlobalIDString = 77D3A1852618C0E60097BB65;
			remoteInfo = GuessTheFlag;
		};
/* End PBXContainerItemProxy section */

/* Begin PBXFileReference section */
		77D3A1862618C0E60097BB65 /* GuessTheFlag.app */ = {isa = PBXFileReference; explicitFileType = wrapper.application; includeInIndex = 0; path = GuessTheFlag.app; sourceTree = BUILT_PRODUCTS_DIR; };
		77D3A1892618C0E60097BB65 /* GuessTheFlagApp.swift */ = {isa = PBXFileReference; lastKnownFileType = sourcecode.swift; path = GuessTheFlagApp.swift; sourceTree = "<group>"; };
		77D3A18B2618C0E60097BB65 /* ContentView.swift */ = {isa = PBXFileReference; lastKnownFileType = sourcecode.swift; path = ContentView.swift; sourceTree = "<group>"; };
		77D3A18D2618C0E60097BB65 /* Assets.xcassets */ = {isa = PBXFileReference; lastKnownFileType = folder.assetcatalog; path = Assets.xcassets; sourceTree = "<group>"; };
		77D3A1902618C0E60097BB65 /* Preview Assets.xcassets */ = {isa = PBXFileReference; lastKnownFileType = folder.assetcatalog; path = "Preview Assets.xcassets"; sourceTree = "<group>"; };
		77D3A1922618C0E60097BB65 /* Info.plist */ = {isa = PBXFileReference; lastKnownFileType = text.plist.xml; path = Info.plist; sourceTree = "<group>"; };
		77D3A1972618C0E70097BB65 /* GuessTheFlagTests.xctest */ = {isa = PBXFileReference; explicitFileType = wrapper.cfbundle; includeInIndex = 0; path = GuessTheFlagTests.xctest; sourceTree = BUILT_PRODUCTS_DIR; };
		77D3A19B2618C0E70097BB65 /* GuessTheFlagTests.swift */ = {isa = PBXFileReference; lastKnownFileType = sourcecode.swift; path = GuessTheFlagTests.swift; sourceTree = "<group>"; };
		77D3A19D2618C0E70097BB65 /* Info.plist */ = {isa = PBXFileReference; lastKnownFileType = text.plist.xml; path = Info.plist; sourceTree = "<group>"; };
		77D3A1A22618C0E70097BB65 /* GuessTheFlagUITests.xctest */ = {isa = PBXFileReference; explicitFileType = wrapper.cfbundle; includeInIndex = 0; path = GuessTheFlagUITests.xctest; sourceTree = BUILT_PRODUCTS_DIR; };
		77D3A1A62618C0E70097BB65 /* GuessTheFlagUITests.swift */ = {isa = PBXFileReference; lastKnownFileType = sourcecode.swift; path = GuessTheFlagUITests.swift; sourceTree = "<group>"; };
		77D3A1A82618C0E70097BB65 /* Info.plist */ = {isa = PBXFileReference; lastKnownFileType = text.plist.xml; path = Info.plist; sourceTree = "<group>"; };
/* End PBXFileReference section */

/* Begin PBXFrameworksBuildPhase section */
		77D3A1832618C0E60097BB65 /* Frameworks */ = {
			isa = PBXFrameworksBuildPhase;
			buildActionMask = 2147483647;
			files = (
			);
			runOnlyForDeploymentPostprocessing = 0;
		};
		77D3A1942618C0E70097BB65 /* Frameworks */ = {
			isa = PBXFrameworksBuildPhase;
			buildActionMask = 2147483647;
			files = (
			);
			runOnlyForDeploymentPostprocessing = 0;
		};
		77D3A19F2618C0E70097BB65 /* Frameworks */ = {
			isa = PBXFrameworksBuildPhase;
			buildActionMask = 2147483647;
			files = (
			);
			runOnlyForDeploymentPostprocessing = 0;
		};
/* End PBXFrameworksBuildPhase section */

/* Begin PBXGroup section */
		77D3A17D2618C0E60097BB65 = {
			isa = PBXGroup;
			children = (
				77D3A1882618C0E60097BB65 /* GuessTheFlag */,
				77D3A19A2618C0E70097BB65 /* GuessTheFlagTests */,
				77D3A1A52618C0E70097BB65 /* GuessTheFlagUITests */,
				77D3A1872618C0E60097BB65 /* Products */,
			);
			sourceTree = "<group>";
		};
		77D3A1872618C0E60097BB65 /* Products */ = {
			isa = PBXGroup;
			children = (
				77D3A1862618C0E60097BB65 /* GuessTheFlag.app */,
				77D3A1972618C0E70097BB65 /* GuessTheFlagTests.xctest */,
				77D3A1A22618C0E70097BB65 /* GuessTheFlagUITests.xctest */,
			);
			name = Products;
			sourceTree = "<group>";
		};
		77D3A1882618C0E60097BB65 /* GuessTheFlag */ = {
			isa = PBXGroup;
			children = (
				77D3A1892618C0E60097BB65 /* GuessTheFlagApp.swift */,
				77D3A18B2618C0E60097BB65 /* ContentView.swift */,
				77D3A18D2618C0E60097BB65 /* Assets.xcassets */,
				77D3A1922618C0E60097BB65 /* Info.plist */,
				77D3A18F2618C0E60097BB65 /* Preview Content */,
			);
			path = GuessTheFlag;
			sourceTree = "<group>";
		};
		77D3A18F2618C0E60097BB65 /* Preview Content */ = {
			isa = PBXGroup;
			children = (
				77D3A1902618C0E60097BB65 /* Preview Assets.xcassets */,
			);
			path = "Preview Content";
			sourceTree = "<group>";
		};
		77D3A19A2618C0E70097BB65 /* GuessTheFlagTests */ = {
			isa = PBXGroup;
			children = (
				77D3A19B2618C0E70097BB65 /* GuessTheFlagTests.swift */,
				77D3A19D2618C0E70097BB65 /* Info.plist */,
			);
			path = GuessTheFlagTests;
			sourceTree = "<group>";
		};
		77D3A1A52618C0E70097BB65 /* GuessTheFlagUITests */ = {
			isa = PBXGroup;
			children = (
				77D3A1A62618C0E70097BB65 /* GuessTheFlagUITests.swift */,
				77D3A1A82618C0E70097BB65 /* Info.plist */,
			);
			path = GuessTheFlagUITests;
			sourceTree = "<group>";
		};
/* End PBXGroup section */

/* Begin PBXNativeTarget section */
		77D3A1852618C0E60097BB65 /* GuessTheFlag */ = {
			isa = PBXNativeTarget;
			buildConfigurationList = 77D3A1AB2618C0E70097BB65 /* Build configuration list for PBXNativeTarget "GuessTheFlag" */;
			buildPhases = (
				77D3A1822618C0E60097BB65 /* Sources */,
				77D3A1832618C0E60097BB65 /* Frameworks */,
				77D3A1842618C0E60097BB65 /* Resources */,
			);
			buildRules = (
			);
			dependencies = (
			);
			name = GuessTheFlag;
			productName = GuessTheFlag;
			productReference = 77D3A1862618C0E60097BB65 /* GuessTheFlag.app */;
			productType = "com.apple.product-type.application";
		};
		77D3A1962618C0E70097BB65 /* GuessTheFlagTests */ = {
			isa = PBXNativeTarget;
			buildConfigurationList = 77D3A1AE2618C0E70097BB65 /* Build configuration list for PBXNativeTarget "GuessTheFlagTests" */;
			buildPhases = (
				77D3A1932618C0E70097BB65 /* Sources */,
				77D3A1942618C0E70097BB65 /* Frameworks */,
				77D3A1952618C0E70097BB65 /* Resources */,
			);
			buildRules = (
			);
			dependencies = (
				77D3A1992618C0E70097BB65 /* PBXTargetDependency */,
			);
			name = GuessTheFlagTests;
			productName = GuessTheFlagTests;
			productReference = 77D3A1972618C0E70097BB65 /* GuessTheFlagTests.xctest */;
			productType = "com.apple.product-type.bundle.unit-test";
		};
		77D3A1A12618C0E70097BB65 /* GuessTheFlagUITests */ = {
			isa = PBXNativeTarget;
			buildConfigurationList = 77D3A1B12618C0E70097BB65 /* Build configuration list for PBXNativeTarget "GuessTheFlagUITests" */;
			buildPhases = (
				77D3A19E2618C0E70097BB65 /* Sources */,
				77D3A19F2618C0E70097BB65 /* Frameworks */,
				77D3A1A02618C0E70097BB65 /* Resources */,
			);
			buildRules = (
			);
			dependencies = (
				77D3A1A42618C0E70097BB65 /* PBXTargetDependency */,
			);
			name = GuessTheFlagUITests;
			productName = GuessTheFlagUITests;
			productReference = 77D3A1A22618C0E70097BB65 /* GuessTheFlagUITests.xctest */;
			productType = "com.apple.product-type.bundle.ui-testing";
		};
/* End PBXNativeTarget section */

/* Begin PBXProject section */
		77D3A17E2618C0E60097BB65 /* Project object */ = {
			isa = PBXProject;
			attributes = {
				LastSwiftUpdateCheck = 1240;
				LastUpgradeCheck = 1240;
				TargetAttributes = {
					77D3A1852618C0E60097BB65 = {
						CreatedOnToolsVersion = 12.4;
					};
					77D3A1962618C0E70097BB65 = {
						CreatedOnToolsVersion = 12.4;
						TestTargetID = 77D3A1852618C0E60097BB65;
					};
					77D3A1A12618C0E70097BB65 = {
						CreatedOnToolsVersion = 12.4;
						TestTargetID = 77D3A1852618C0E60097BB65;
					};
				};
			};
			buildConfigurationList = 77D3A1812618C0E60097BB65 /* Build configuration list for PBXProject "GuessTheFlag" */;
			compatibilityVersion = "Xcode 9.3";
			developmentRegion = en;
			hasScannedForEncodings = 0;
			knownRegions = (
				en,
				Base,
			);
			mainGroup = 77D3A17D2618C0E60097BB65;
			productRefGroup = 77D3A1872618C0E60097BB65 /* Products */;
			projectDirPath = "";
			projectRoot = "";
			targets = (
				77D3A1852618C0E60097BB65 /* GuessTheFlag */,
				77D3A1962618C0E70097BB65 /* GuessTheFlagTests */,
				77D3A1A12618C0E70097BB65 /* GuessTheFlagUITests */,
			);
		};
/* End PBXProject section */

/* Begin PBXResourcesBuildPhase section */
		77D3A1842618C0E60097BB65 /* Resources */ = {
			isa = PBXResourcesBuildPhase;
			buildActionMask = 2147483647;
			files = (
				77D3A1912618C0E60097BB65 /* Preview Assets.xcassets in Resources */,
				77D3A18E2618C0E60097BB65 /* Assets.xcassets in Resources */,
			);
			runOnlyForDeploymentPostprocessing = 0;
		};
		77D3A1952618C0E70097BB65 /* Resources */ = {
			isa = PBXResourcesBuildPhase;
			buildActionMask = 2147483647;
			files = (
			);
			runOnlyForDeploymentPostprocessing = 0;
		};
		77D3A1A02618C0E70097BB65 /* Resources */ = {
			isa = PBXResourcesBuildPhase;
			buildActionMask = 2147483647;
			files = (
			);
			runOnlyForDeploymentPostprocessing = 0;
		};
/* End PBXResourcesBuildPhase section */

/* Begin PBXSourcesBuildPhase section */
		77D3A1822618C0E60097BB65 /* Sources */ = {
			isa = PBXSourcesBuildPhase;
			buildActionMask = 2147483647;
			files = (
				77D3A18C2618C0E60097BB65 /* ContentView.swift in Sources */,
				77D3A18A2618C0E60097BB65 /* GuessTheFlagApp.swift in Sources */,
			);
			runOnlyForDeploymentPostprocessing = 0;
		};
		77D3A1932618C0E70097BB65 /* Sources */ = {
			isa = PBXSourcesBuildPhase;
			buildActionMask = 2147483647;
			files = (
				77D3A19C2618C0E70097BB65 /* GuessTheFlagTests.swift in Sources */,
			);
			runOnlyForDeploymentPostprocessing = 0;
		};
		77D3A19E2618C0E70097BB65 /* Sources */ = {
			isa = PBXSourcesBuildPhase;
			buildActionMask = 2147483647;
			files = (
				77D3A1A72618C0E70097BB65 /* GuessTheFlagUITests.swift in Sources */,
			);
			runOnlyForDeploymentPostprocessing = 0;
		};
/* End PBXSourcesBuildPhase section */

/* Begin PBXTargetDependency section */
		77D3A1992618C0E70097BB65 /* PBXTargetDependency */ = {
			isa = PBXTargetDependency;
			target = 77D3A1852618C0E60097BB65 /* GuessTheFlag */;
			targetProxy = 77D3A1982618C0E70097BB65 /* PBXContainerItemProxy */;
		};
		77D3A1A42618C0E70097BB65 /* PBXTargetDependency */ = {
			isa = PBXTargetDependency;
			target = 77D3A1852618C0E60097BB65 /* GuessTheFlag */;
			targetProxy = 77D3A1A32618C0E70097BB65 /* PBXContainerItemProxy */;
		};
/* End PBXTargetDependency section */

/* Begin XCBuildConfiguration section */
		77D3A1A92618C0E70097BB65 /* Debug */ = {
			isa = XCBuildConfiguration;
			buildSettings = {
				ALWAYS_SEARCH_USER_PATHS = NO;
				CLANG_ANALYZER_NONNULL = YES;
				CLANG_ANALYZER_NUMBER_OBJECT_CONVERSION = YES_AGGRESSIVE;
				CLANG_CXX_LANGUAGE_STANDARD = "gnu++14";
				CLANG_CXX_LIBRARY = "libc++";
				CLANG_ENABLE_MODULES = YES;
				CLANG_ENABLE_OBJC_ARC = YES;
				CLANG_ENABLE_OBJC_WEAK = YES;
				CLANG_WARN_BLOCK_CAPTURE_AUTORELEASING = YES;
				CLANG_WARN_BOOL_CONVERSION = YES;
				CLANG_WARN_COMMA = YES;
				CLANG_WARN_CONSTANT_CONVERSION = YES;
				CLANG_WARN_DEPRECATED_OBJC_IMPLEMENTATIONS = YES;
				CLANG_WARN_DIRECT_OBJC_ISA_USAGE = YES_ERROR;
				CLANG_WARN_DOCUMENTATION_COMMENTS = YES;
				CLANG_WARN_EMPTY_BODY = YES;
				CLANG_WARN_ENUM_CONVERSION = YES;
				CLANG_WARN_INFINITE_RECURSION = YES;
				CLANG_WARN_INT_CONVERSION = YES;
				CLANG_WARN_NON_LITERAL_NULL_CONVERSION = YES;
				CLANG_WARN_OBJC_IMPLICIT_RETAIN_SELF = YES;
				CLANG_WARN_OBJC_LITERAL_CONVERSION = YES;
				CLANG_WARN_OBJC_ROOT_CLASS = YES_ERROR;
				CLANG_WARN_QUOTED_INCLUDE_IN_FRAMEWORK_HEADER = YES;
				CLANG_WARN_RANGE_LOOP_ANALYSIS = YES;
				CLANG_WARN_STRICT_PROTOTYPES = YES;
				CLANG_WARN_SUSPICIOUS_MOVE = YES;
				CLANG_WARN_UNGUARDED_AVAILABILITY = YES_AGGRESSIVE;
				CLANG_WARN_UNREACHABLE_CODE = YES;
				CLANG_WARN__DUPLICATE_METHOD_MATCH = YES;
				COPY_PHASE_STRIP = NO;
				DEBUG_INFORMATION_FORMAT = dwarf;
				ENABLE_STRICT_OBJC_MSGSEND = YES;
				ENABLE_TESTABILITY = YES;
				GCC_C_LANGUAGE_STANDARD = gnu11;
				GCC_DYNAMIC_NO_PIC = NO;
				GCC_NO_COMMON_BLOCKS = YES;
				GCC_OPTIMIZATION_LEVEL = 0;
				GCC_PREPROCESSOR_DEFINITIONS = (
					"DEBUG=1",
					"$(inherited)",
				);
				GCC_WARN_64_TO_32_BIT_CONVERSION = YES;
				GCC_WARN_ABOUT_RETURN_TYPE = YES_ERROR;
				GCC_WARN_UNDECLARED_SELECTOR = YES;
				GCC_WARN_UNINITIALIZED_AUTOS = YES_AGGRESSIVE;
				GCC_WARN_UNUSED_FUNCTION = YES;
				GCC_WARN_UNUSED_VARIABLE = YES;
				IPHONEOS_DEPLOYMENT_TARGET = 14.4;
				MTL_ENABLE_DEBUG_INFO = INCLUDE_SOURCE;
				MTL_FAST_MATH = YES;
				ONLY_ACTIVE_ARCH = YES;
				SDKROOT = iphoneos;
				SWIFT_ACTIVE_COMPILATION_CONDITIONS = DEBUG;
				SWIFT_OPTIMIZATION_LEVEL = "-Onone";
			};
			name = Debug;
		};
		77D3A1AA2618C0E70097BB65 /* Release */ = {
			isa = XCBuildConfiguration;
			buildSettings = {
				ALWAYS_SEARCH_USER_PATHS = NO;
				CLANG_ANALYZER_NONNULL = YES;
				CLANG_ANALYZER_NUMBER_OBJECT_CONVERSION = YES_AGGRESSIVE;
				CLANG_CXX_LANGUAGE_STANDARD = "gnu++14";
				CLANG_CXX_LIBRARY = "libc++";
				CLANG_ENABLE_MODULES = YES;
				CLANG_ENABLE_OBJC_ARC = YES;
				CLANG_ENABLE_OBJC_WEAK = YES;
				CLANG_WARN_BLOCK_CAPTURE_AUTORELEASING = YES;
				CLANG_WARN_BOOL_CONVERSION = YES;
				CLANG_WARN_COMMA = YES;
				CLANG_WARN_CONSTANT_CONVERSION = YES;
				CLANG_WARN_DEPRECATED_OBJC_IMPLEMENTATIONS = YES;
				CLANG_WARN_DIRECT_OBJC_ISA_USAGE = YES_ERROR;
				CLANG_WARN_DOCUMENTATION_COMMENTS = YES;
				CLANG_WARN_EMPTY_BODY = YES;
				CLANG_WARN_ENUM_CONVERSION = YES;
				CLANG_WARN_INFINITE_RECURSION = YES;
				CLANG_WARN_INT_CONVERSION = YES;
				CLANG_WARN_NON_LITERAL_NULL_CONVERSION = YES;
				CLANG_WARN_OBJC_IMPLICIT_RETAIN_SELF = YES;
				CLANG_WARN_OBJC_LITERAL_CONVERSION = YES;
				CLANG_WARN_OBJC_ROOT_CLASS = YES_ERROR;
				CLANG_WARN_QUOTED_INCLUDE_IN_FRAMEWORK_HEADER = YES;
				CLANG_WARN_RANGE_LOOP_ANALYSIS = YES;
				CLANG_WARN_STRICT_PROTOTYPES = YES;
				CLANG_WARN_SUSPICIOUS_MOVE = YES;
				CLANG_WARN_UNGUARDED_AVAILABILITY = YES_AGGRESSIVE;
				CLANG_WARN_UNREACHABLE_CODE = YES;
				CLANG_WARN__DUPLICATE_METHOD_MATCH = YES;
				COPY_PHASE_STRIP = NO;
				DEBUG_INFORMATION_FORMAT = "dwarf-with-dsym";
				ENABLE_NS_ASSERTIONS = NO;
				ENABLE_STRICT_OBJC_MSGSEND = YES;
				GCC_C_LANGUAGE_STANDARD = gnu11;
				GCC_NO_COMMON_BLOCKS = YES;
				GCC_WARN_64_TO_32_BIT_CONVERSION = YES;
				GCC_WARN_ABOUT_RETURN_TYPE = YES_ERROR;
				GCC_WARN_UNDECLARED_SELECTOR = YES;
				GCC_WARN_UNINITIALIZED_AUTOS = YES_AGGRESSIVE;
				GCC_WARN_UNUSED_FUNCTION = YES;
				GCC_WARN_UNUSED_VARIABLE = YES;
				IPHONEOS_DEPLOYMENT_TARGET = 14.4;
				MTL_ENABLE_DEBUG_INFO = NO;
				MTL_FAST_MATH = YES;
				SDKROOT = iphoneos;
				SWIFT_COMPILATION_MODE = wholemodule;
				SWIFT_OPTIMIZATION_LEVEL = "-O";
				VALIDATE_PRODUCT = YES;
			};
			name = Release;
		};
		77D3A1AC2618C0E70097BB65 /* Debug */ = {
			isa = XCBuildConfiguration;
			buildSettings = {
				ASSETCATALOG_COMPILER_APPICON_NAME = AppIcon;
				ASSETCATALOG_COMPILER_GLOBAL_ACCENT_COLOR_NAME = AccentColor;
				CODE_SIGN_STYLE = Automatic;
				DEVELOPMENT_ASSET_PATHS = "\"GuessTheFlag/Preview Content\"";
				DEVELOPMENT_TEAM = 69Y77S7YQP;
				ENABLE_PREVIEWS = YES;
				INFOPLIST_FILE = GuessTheFlag/Info.plist;
				IPHONEOS_DEPLOYMENT_TARGET = 14.0;
				LD_RUNPATH_SEARCH_PATHS = (
					"$(inherited)",
					"@executable_path/Frameworks",
				);
				PRODUCT_BUNDLE_IDENTIFIER = com.ronaldoGomes.GuessTheFlag;
				PRODUCT_NAME = "$(TARGET_NAME)";
				SWIFT_VERSION = 5.0;
				TARGETED_DEVICE_FAMILY = "1,2";
			};
			name = Debug;
		};
		77D3A1AD2618C0E70097BB65 /* Release */ = {
			isa = XCBuildConfiguration;
			buildSettings = {
				ASSETCATALOG_COMPILER_APPICON_NAME = AppIcon;
				ASSETCATALOG_COMPILER_GLOBAL_ACCENT_COLOR_NAME = AccentColor;
				CODE_SIGN_STYLE = Automatic;
				DEVELOPMENT_ASSET_PATHS = "\"GuessTheFlag/Preview Content\"";
				DEVELOPMENT_TEAM = 69Y77S7YQP;
				ENABLE_PREVIEWS = YES;
				INFOPLIST_FILE = GuessTheFlag/Info.plist;
				IPHONEOS_DEPLOYMENT_TARGET = 14.0;
				LD_RUNPATH_SEARCH_PATHS = (
					"$(inherited)",
					"@executable_path/Frameworks",
				);
				PRODUCT_BUNDLE_IDENTIFIER = com.ronaldoGomes.GuessTheFlag;
				PRODUCT_NAME = "$(TARGET_NAME)";
				SWIFT_VERSION = 5.0;
				TARGETED_DEVICE_FAMILY = "1,2";
			};
			name = Release;
		};
		77D3A1AF2618C0E70097BB65 /* Debug */ = {
			isa = XCBuildConfiguration;
			buildSettings = {
				ALWAYS_EMBED_SWIFT_STANDARD_LIBRARIES = YES;
				BUNDLE_LOADER = "$(TEST_HOST)";
				CODE_SIGN_STYLE = Automatic;
				DEVELOPMENT_TEAM = 69Y77S7YQP;
				INFOPLIST_FILE = GuessTheFlagTests/Info.plist;
				IPHONEOS_DEPLOYMENT_TARGET = 14.0;
				LD_RUNPATH_SEARCH_PATHS = (
					"$(inherited)",
					"@executable_path/Frameworks",
					"@loader_path/Frameworks",
				);
				PRODUCT_BUNDLE_IDENTIFIER = com.ronaldoGomes.GuessTheFlagTests;
				PRODUCT_NAME = "$(TARGET_NAME)";
				SWIFT_VERSION = 5.0;
				TARGETED_DEVICE_FAMILY = "1,2";
				TEST_HOST = "$(BUILT_PRODUCTS_DIR)/GuessTheFlag.app/GuessTheFlag";
			};
			name = Debug;
		};
		77D3A1B02618C0E70097BB65 /* Release */ = {
			isa = XCBuildConfiguration;
			buildSettings = {
				ALWAYS_EMBED_SWIFT_STANDARD_LIBRARIES = YES;
				BUNDLE_LOADER = "$(TEST_HOST)";
				CODE_SIGN_STYLE = Automatic;
				DEVELOPMENT_TEAM = 69Y77S7YQP;
				INFOPLIST_FILE = GuessTheFlagTests/Info.plist;
				IPHONEOS_DEPLOYMENT_TARGET = 14.0;
				LD_RUNPATH_SEARCH_PATHS = (
					"$(inherited)",
					"@executable_path/Frameworks",
					"@loader_path/Frameworks",
				);
				PRODUCT_BUNDLE_IDENTIFIER = com.ronaldoGomes.GuessTheFlagTests;
				PRODUCT_NAME = "$(TARGET_NAME)";
				SWIFT_VERSION = 5.0;
				TARGETED_DEVICE_FAMILY = "1,2";
				TEST_HOST = "$(BUILT_PRODUCTS_DIR)/GuessTheFlag.app/GuessTheFlag";
			};
			name = Release;
		};
		77D3A1B22618C0E70097BB65 /* Debug */ = {
			isa = XCBuildConfiguration;
			buildSettings = {
				ALWAYS_EMBED_SWIFT_STANDARD_LIBRARIES = YES;
				CODE_SIGN_STYLE = Automatic;
				DEVELOPMENT_TEAM = 69Y77S7YQP;
				INFOPLIST_FILE = GuessTheFlagUITests/Info.plist;
				LD_RUNPATH_SEARCH_PATHS = (
					"$(inherited)",
					"@executable_path/Frameworks",
					"@loader_path/Frameworks",
				);
				PRODUCT_BUNDLE_IDENTIFIER = com.ronaldoGomes.GuessTheFlagUITests;
				PRODUCT_NAME = "$(TARGET_NAME)";
				SWIFT_VERSION = 5.0;
				TARGETED_DEVICE_FAMILY = "1,2";
				TEST_TARGET_NAME = GuessTheFlag;
			};
			name = Debug;
		};
		77D3A1B32618C0E70097BB65 /* Release */ = {
			isa = XCBuildConfiguration;
			buildSettings = {
				ALWAYS_EMBED_SWIFT_STANDARD_LIBRARIES = YES;
				CODE_SIGN_STYLE = Automatic;
				DEVELOPMENT_TEAM = 69Y77S7YQP;
				INFOPLIST_FILE = GuessTheFlagUITests/Info.plist;
				LD_RUNPATH_SEARCH_PATHS = (
					"$(inherited)",
					"@executable_path/Frameworks",
					"@loader_path/Frameworks",
				);
				PRODUCT_BUNDLE_IDENTIFIER = com.ronaldoGomes.GuessTheFlagUITests;
				PRODUCT_NAME = "$(TARGET_NAME)";
				SWIFT_VERSION = 5.0;
				TARGETED_DEVICE_FAMILY = "1,2";
				TEST_TARGET_NAME = GuessTheFlag;
			};
			name = Release;
		};
/* End XCBuildConfiguration section */

/* Begin XCConfigurationList section */
		77D3A1812618C0E60097BB65 /* Build configuration list for PBXProject "GuessTheFlag" */ = {
			isa = XCConfigurationList;
			buildConfigurations = (
				77D3A1A92618C0E70097BB65 /* Debug */,
				77D3A1AA2618C0E70097BB65 /* Release */,
			);
			defaultConfigurationIsVisible = 0;
			defaultConfigurationName = Release;
		};
		77D3A1AB2618C0E70097BB65 /* Build configuration list for PBXNativeTarget "GuessTheFlag" */ = {
			isa = XCConfigurationList;
			buildConfigurations = (
				77D3A1AC2618C0E70097BB65 /* Debug */,
				77D3A1AD2618C0E70097BB65 /* Release */,
			);
			defaultConfigurationIsVisible = 0;
			defaultConfigurationName = Release;
		};
		77D3A1AE2618C0E70097BB65 /* Build configuration list for PBXNativeTarget "GuessTheFlagTests" */ = {
			isa = XCConfigurationList;
			buildConfigurations = (
				77D3A1AF2618C0E70097BB65 /* Debug */,
				77D3A1B02618C0E70097BB65 /* Release */,
			);
			defaultConfigurationIsVisible = 0;
			defaultConfigurationName = Release;
		};
		77D3A1B12618C0E70097BB65 /* Build configuration list for PBXNativeTarget "GuessTheFlagUITests" */ = {
			isa = XCConfigurationList;
			buildConfigurations = (
				77D3A1B22618C0E70097BB65 /* Debug */,
				77D3A1B32618C0E70097BB65 /* Release */,
			);
			defaultConfigurationIsVisible = 0;
			defaultConfigurationName = Release;
		};
/* End XCConfigurationList section */
	};
	rootObject = 77D3A17E2618C0E60097BB65 /* Project object */;
}
