// !$*UTF8*$!
{
	archiveVersion = 1;
	classes = {
	};
	objectVersion = 50;
	objects = {

/* Begin PBXBuildFile section */
		77EC112A2620CB0700725CF9 /* WinOrLoseApp.swift in Sources */ = {isa = PBXBuildFile; fileRef = 77EC11292620CB0700725CF9 /* WinOrLoseApp.swift */; };
		77EC112C2620CB0700725CF9 /* ContentView.swift in Sources */ = {isa = PBXBuildFile; fileRef = 77EC112B2620CB0700725CF9 /* ContentView.swift */; };
		77EC112E2620CB0800725CF9 /* Assets.xcassets in Resources */ = {isa = PBXBuildFile; fileRef = 77EC112D2620CB0800725CF9 /* Assets.xcassets */; };
		77EC11312620CB0800725CF9 /* Preview Assets.xcassets in Resources */ = {isa = PBXBuildFile; fileRef = 77EC11302620CB0800725CF9 /* Preview Assets.xcassets */; };
		77EC113C2620CB0800725CF9 /* WinOrLoseTests.swift in Sources */ = {isa = PBXBuildFile; fileRef = 77EC113B2620CB0800725CF9 /* WinOrLoseTests.swift */; };
		77EC11472620CB0800725CF9 /* WinOrLoseUITests.swift in Sources */ = {isa = PBXBuildFile; fileRef = 77EC11462620CB0800725CF9 /* WinOrLoseUITests.swift */; };
/* End PBXBuildFile section */

/* Begin PBXContainerItemProxy section */
		77EC11382620CB0800725CF9 /* PBXContainerItemProxy */ = {
			isa = PBXContainerItemProxy;
			containerPortal = 77EC111E2620CB0700725CF9 /* Project object */;
			proxyType = 1;
			remoteGlobalIDString = 77EC11252620CB0700725CF9;
			remoteInfo = WinOrLose;
		};
		77EC11432620CB0800725CF9 /* PBXContainerItemProxy */ = {
			isa = PBXContainerItemProxy;
			containerPortal = 77EC111E2620CB0700725CF9 /* Project object */;
			proxyType = 1;
			remoteGlobalIDString = 77EC11252620CB0700725CF9;
			remoteInfo = WinOrLose;
		};
/* End PBXContainerItemProxy section */

/* Begin PBXFileReference section */
		77EC11262620CB0700725CF9 /* WinOrLose.app */ = {isa = PBXFileReference; explicitFileType = wrapper.application; includeInIndex = 0; path = WinOrLose.app; sourceTree = BUILT_PRODUCTS_DIR; };
		77EC11292620CB0700725CF9 /* WinOrLoseApp.swift */ = {isa = PBXFileReference; lastKnownFileType = sourcecode.swift; path = WinOrLoseApp.swift; sourceTree = "<group>"; };
		77EC112B2620CB0700725CF9 /* ContentView.swift */ = {isa = PBXFileReference; lastKnownFileType = sourcecode.swift; path = ContentView.swift; sourceTree = "<group>"; };
		77EC112D2620CB0800725CF9 /* Assets.xcassets */ = {isa = PBXFileReference; lastKnownFileType = folder.assetcatalog; path = Assets.xcassets; sourceTree = "<group>"; };
		77EC11302620CB0800725CF9 /* Preview Assets.xcassets */ = {isa = PBXFileReference; lastKnownFileType = folder.assetcatalog; path = "Preview Assets.xcassets"; sourceTree = "<group>"; };
		77EC11322620CB0800725CF9 /* Info.plist */ = {isa = PBXFileReference; lastKnownFileType = text.plist.xml; path = Info.plist; sourceTree = "<group>"; };
		77EC11372620CB0800725CF9 /* WinOrLoseTests.xctest */ = {isa = PBXFileReference; explicitFileType = wrapper.cfbundle; includeInIndex = 0; path = WinOrLoseTests.xctest; sourceTree = BUILT_PRODUCTS_DIR; };
		77EC113B2620CB0800725CF9 /* WinOrLoseTests.swift */ = {isa = PBXFileReference; lastKnownFileType = sourcecode.swift; path = WinOrLoseTests.swift; sourceTree = "<group>"; };
		77EC113D2620CB0800725CF9 /* Info.plist */ = {isa = PBXFileReference; lastKnownFileType = text.plist.xml; path = Info.plist; sourceTree = "<group>"; };
		77EC11422620CB0800725CF9 /* WinOrLoseUITests.xctest */ = {isa = PBXFileReference; explicitFileType = wrapper.cfbundle; includeInIndex = 0; path = WinOrLoseUITests.xctest; sourceTree = BUILT_PRODUCTS_DIR; };
		77EC11462620CB0800725CF9 /* WinOrLoseUITests.swift */ = {isa = PBXFileReference; lastKnownFileType = sourcecode.swift; path = WinOrLoseUITests.swift; sourceTree = "<group>"; };
		77EC11482620CB0800725CF9 /* Info.plist */ = {isa = PBXFileReference; lastKnownFileType = text.plist.xml; path = Info.plist; sourceTree = "<group>"; };
/* End PBXFileReference section */

/* Begin PBXFrameworksBuildPhase section */
		77EC11232620CB0700725CF9 /* Frameworks */ = {
			isa = PBXFrameworksBuildPhase;
			buildActionMask = 2147483647;
			files = (
			);
			runOnlyForDeploymentPostprocessing = 0;
		};
		77EC11342620CB0800725CF9 /* Frameworks */ = {
			isa = PBXFrameworksBuildPhase;
			buildActionMask = 2147483647;
			files = (
			);
			runOnlyForDeploymentPostprocessing = 0;
		};
		77EC113F2620CB0800725CF9 /* Frameworks */ = {
			isa = PBXFrameworksBuildPhase;
			buildActionMask = 2147483647;
			files = (
			);
			runOnlyForDeploymentPostprocessing = 0;
		};
/* End PBXFrameworksBuildPhase section */

/* Begin PBXGroup section */
		77EC111D2620CB0700725CF9 = {
			isa = PBXGroup;
			children = (
				77EC11282620CB0700725CF9 /* WinOrLose */,
				77EC113A2620CB0800725CF9 /* WinOrLoseTests */,
				77EC11452620CB0800725CF9 /* WinOrLoseUITests */,
				77EC11272620CB0700725CF9 /* Products */,
			);
			sourceTree = "<group>";
		};
		77EC11272620CB0700725CF9 /* Products */ = {
			isa = PBXGroup;
			children = (
				77EC11262620CB0700725CF9 /* WinOrLose.app */,
				77EC11372620CB0800725CF9 /* WinOrLoseTests.xctest */,
				77EC11422620CB0800725CF9 /* WinOrLoseUITests.xctest */,
			);
			name = Products;
			sourceTree = "<group>";
		};
		77EC11282620CB0700725CF9 /* WinOrLose */ = {
			isa = PBXGroup;
			children = (
				77EC11292620CB0700725CF9 /* WinOrLoseApp.swift */,
				77EC112B2620CB0700725CF9 /* ContentView.swift */,
				77EC112D2620CB0800725CF9 /* Assets.xcassets */,
				77EC11322620CB0800725CF9 /* Info.plist */,
				77EC112F2620CB0800725CF9 /* Preview Content */,
			);
			path = WinOrLose;
			sourceTree = "<group>";
		};
		77EC112F2620CB0800725CF9 /* Preview Content */ = {
			isa = PBXGroup;
			children = (
				77EC11302620CB0800725CF9 /* Preview Assets.xcassets */,
			);
			path = "Preview Content";
			sourceTree = "<group>";
		};
		77EC113A2620CB0800725CF9 /* WinOrLoseTests */ = {
			isa = PBXGroup;
			children = (
				77EC113B2620CB0800725CF9 /* WinOrLoseTests.swift */,
				77EC113D2620CB0800725CF9 /* Info.plist */,
			);
			path = WinOrLoseTests;
			sourceTree = "<group>";
		};
		77EC11452620CB0800725CF9 /* WinOrLoseUITests */ = {
			isa = PBXGroup;
			children = (
				77EC11462620CB0800725CF9 /* WinOrLoseUITests.swift */,
				77EC11482620CB0800725CF9 /* Info.plist */,
			);
			path = WinOrLoseUITests;
			sourceTree = "<group>";
		};
/* End PBXGroup section */

/* Begin PBXNativeTarget section */
		77EC11252620CB0700725CF9 /* WinOrLose */ = {
			isa = PBXNativeTarget;
			buildConfigurationList = 77EC114B2620CB0800725CF9 /* Build configuration list for PBXNativeTarget "WinOrLose" */;
			buildPhases = (
				77EC11222620CB0700725CF9 /* Sources */,
				77EC11232620CB0700725CF9 /* Frameworks */,
				77EC11242620CB0700725CF9 /* Resources */,
			);
			buildRules = (
			);
			dependencies = (
			);
			name = WinOrLose;
			productName = WinOrLose;
			productReference = 77EC11262620CB0700725CF9 /* WinOrLose.app */;
			productType = "com.apple.product-type.application";
		};
		77EC11362620CB0800725CF9 /* WinOrLoseTests */ = {
			isa = PBXNativeTarget;
			buildConfigurationList = 77EC114E2620CB0800725CF9 /* Build configuration list for PBXNativeTarget "WinOrLoseTests" */;
			buildPhases = (
				77EC11332620CB0800725CF9 /* Sources */,
				77EC11342620CB0800725CF9 /* Frameworks */,
				77EC11352620CB0800725CF9 /* Resources */,
			);
			buildRules = (
			);
			dependencies = (
				77EC11392620CB0800725CF9 /* PBXTargetDependency */,
			);
			name = WinOrLoseTests;
			productName = WinOrLoseTests;
			productReference = 77EC11372620CB0800725CF9 /* WinOrLoseTests.xctest */;
			productType = "com.apple.product-type.bundle.unit-test";
		};
		77EC11412620CB0800725CF9 /* WinOrLoseUITests */ = {
			isa = PBXNativeTarget;
			buildConfigurationList = 77EC11512620CB0800725CF9 /* Build configuration list for PBXNativeTarget "WinOrLoseUITests" */;
			buildPhases = (
				77EC113E2620CB0800725CF9 /* Sources */,
				77EC113F2620CB0800725CF9 /* Frameworks */,
				77EC11402620CB0800725CF9 /* Resources */,
			);
			buildRules = (
			);
			dependencies = (
				77EC11442620CB0800725CF9 /* PBXTargetDependency */,
			);
			name = WinOrLoseUITests;
			productName = WinOrLoseUITests;
			productReference = 77EC11422620CB0800725CF9 /* WinOrLoseUITests.xctest */;
			productType = "com.apple.product-type.bundle.ui-testing";
		};
/* End PBXNativeTarget section */

/* Begin PBXProject section */
		77EC111E2620CB0700725CF9 /* Project object */ = {
			isa = PBXProject;
			attributes = {
				LastSwiftUpdateCheck = 1240;
				LastUpgradeCheck = 1240;
				TargetAttributes = {
					77EC11252620CB0700725CF9 = {
						CreatedOnToolsVersion = 12.4;
					};
					77EC11362620CB0800725CF9 = {
						CreatedOnToolsVersion = 12.4;
						TestTargetID = 77EC11252620CB0700725CF9;
					};
					77EC11412620CB0800725CF9 = {
						CreatedOnToolsVersion = 12.4;
						TestTargetID = 77EC11252620CB0700725CF9;
					};
				};
			};
			buildConfigurationList = 77EC11212620CB0700725CF9 /* Build configuration list for PBXProject "WinOrLose" */;
			compatibilityVersion = "Xcode 9.3";
			developmentRegion = en;
			hasScannedForEncodings = 0;
			knownRegions = (
				en,
				Base,
			);
			mainGroup = 77EC111D2620CB0700725CF9;
			productRefGroup = 77EC11272620CB0700725CF9 /* Products */;
			projectDirPath = "";
			projectRoot = "";
			targets = (
				77EC11252620CB0700725CF9 /* WinOrLose */,
				77EC11362620CB0800725CF9 /* WinOrLoseTests */,
				77EC11412620CB0800725CF9 /* WinOrLoseUITests */,
			);
		};
/* End PBXProject section */

/* Begin PBXResourcesBuildPhase section */
		77EC11242620CB0700725CF9 /* Resources */ = {
			isa = PBXResourcesBuildPhase;
			buildActionMask = 2147483647;
			files = (
				77EC11312620CB0800725CF9 /* Preview Assets.xcassets in Resources */,
				77EC112E2620CB0800725CF9 /* Assets.xcassets in Resources */,
			);
			runOnlyForDeploymentPostprocessing = 0;
		};
		77EC11352620CB0800725CF9 /* Resources */ = {
			isa = PBXResourcesBuildPhase;
			buildActionMask = 2147483647;
			files = (
			);
			runOnlyForDeploymentPostprocessing = 0;
		};
		77EC11402620CB0800725CF9 /* Resources */ = {
			isa = PBXResourcesBuildPhase;
			buildActionMask = 2147483647;
			files = (
			);
			runOnlyForDeploymentPostprocessing = 0;
		};
/* End PBXResourcesBuildPhase section */

/* Begin PBXSourcesBuildPhase section */
		77EC11222620CB0700725CF9 /* Sources */ = {
			isa = PBXSourcesBuildPhase;
			buildActionMask = 2147483647;
			files = (
				77EC112C2620CB0700725CF9 /* ContentView.swift in Sources */,
				77EC112A2620CB0700725CF9 /* WinOrLoseApp.swift in Sources */,
			);
			runOnlyForDeploymentPostprocessing = 0;
		};
		77EC11332620CB0800725CF9 /* Sources */ = {
			isa = PBXSourcesBuildPhase;
			buildActionMask = 2147483647;
			files = (
				77EC113C2620CB0800725CF9 /* WinOrLoseTests.swift in Sources */,
			);
			runOnlyForDeploymentPostprocessing = 0;
		};
		77EC113E2620CB0800725CF9 /* Sources */ = {
			isa = PBXSourcesBuildPhase;
			buildActionMask = 2147483647;
			files = (
				77EC11472620CB0800725CF9 /* WinOrLoseUITests.swift in Sources */,
			);
			runOnlyForDeploymentPostprocessing = 0;
		};
/* End PBXSourcesBuildPhase section */

/* Begin PBXTargetDependency section */
		77EC11392620CB0800725CF9 /* PBXTargetDependency */ = {
			isa = PBXTargetDependency;
			target = 77EC11252620CB0700725CF9 /* WinOrLose */;
			targetProxy = 77EC11382620CB0800725CF9 /* PBXContainerItemProxy */;
		};
		77EC11442620CB0800725CF9 /* PBXTargetDependency */ = {
			isa = PBXTargetDependency;
			target = 77EC11252620CB0700725CF9 /* WinOrLose */;
			targetProxy = 77EC11432620CB0800725CF9 /* PBXContainerItemProxy */;
		};
/* End PBXTargetDependency section */

/* Begin XCBuildConfiguration section */
		77EC11492620CB0800725CF9 /* Debug */ = {
			isa = XCBuildConfiguration;
			buildSettings = {
				ALWAYS_SEARCH_USER_PATHS = NO;
				CLANG_ANALYZER_NONNULL = YES;
				CLANG_ANALYZER_NUMBER_OBJECT_CONVERSION = YES_AGGRESSIVE;
				CLANG_CXX_LANGUAGE_STANDARD = "gnu++14";
				CLANG_CXX_LIBRARY = "libc++";
				CLANG_ENABLE_MODULES = YES;
				CLANG_ENABLE_OBJC_ARC = YES;
				CLANG_ENABLE_OBJC_WEAK = YES;
				CLANG_WARN_BLOCK_CAPTURE_AUTORELEASING = YES;
				CLANG_WARN_BOOL_CONVERSION = YES;
				CLANG_WARN_COMMA = YES;
				CLANG_WARN_CONSTANT_CONVERSION = YES;
				CLANG_WARN_DEPRECATED_OBJC_IMPLEMENTATIONS = YES;
				CLANG_WARN_DIRECT_OBJC_ISA_USAGE = YES_ERROR;
				CLANG_WARN_DOCUMENTATION_COMMENTS = YES;
				CLANG_WARN_EMPTY_BODY = YES;
				CLANG_WARN_ENUM_CONVERSION = YES;
				CLANG_WARN_INFINITE_RECURSION = YES;
				CLANG_WARN_INT_CONVERSION = YES;
				CLANG_WARN_NON_LITERAL_NULL_CONVERSION = YES;
				CLANG_WARN_OBJC_IMPLICIT_RETAIN_SELF = YES;
				CLANG_WARN_OBJC_LITERAL_CONVERSION = YES;
				CLANG_WARN_OBJC_ROOT_CLASS = YES_ERROR;
				CLANG_WARN_QUOTED_INCLUDE_IN_FRAMEWORK_HEADER = YES;
				CLANG_WARN_RANGE_LOOP_ANALYSIS = YES;
				CLANG_WARN_STRICT_PROTOTYPES = YES;
				CLANG_WARN_SUSPICIOUS_MOVE = YES;
				CLANG_WARN_UNGUARDED_AVAILABILITY = YES_AGGRESSIVE;
				CLANG_WARN_UNREACHABLE_CODE = YES;
				CLANG_WARN__DUPLICATE_METHOD_MATCH = YES;
				COPY_PHASE_STRIP = NO;
				DEBUG_INFORMATION_FORMAT = dwarf;
				ENABLE_STRICT_OBJC_MSGSEND = YES;
				ENABLE_TESTABILITY = YES;
				GCC_C_LANGUAGE_STANDARD = gnu11;
				GCC_DYNAMIC_NO_PIC = NO;
				GCC_NO_COMMON_BLOCKS = YES;
				GCC_OPTIMIZATION_LEVEL = 0;
				GCC_PREPROCESSOR_DEFINITIONS = (
					"DEBUG=1",
					"$(inherited)",
				);
				GCC_WARN_64_TO_32_BIT_CONVERSION = YES;
				GCC_WARN_ABOUT_RETURN_TYPE = YES_ERROR;
				GCC_WARN_UNDECLARED_SELECTOR = YES;
				GCC_WARN_UNINITIALIZED_AUTOS = YES_AGGRESSIVE;
				GCC_WARN_UNUSED_FUNCTION = YES;
				GCC_WARN_UNUSED_VARIABLE = YES;
				IPHONEOS_DEPLOYMENT_TARGET = 14.4;
				MTL_ENABLE_DEBUG_INFO = INCLUDE_SOURCE;
				MTL_FAST_MATH = YES;
				ONLY_ACTIVE_ARCH = YES;
				SDKROOT = iphoneos;
				SWIFT_ACTIVE_COMPILATION_CONDITIONS = DEBUG;
				SWIFT_OPTIMIZATION_LEVEL = "-Onone";
			};
			name = Debug;
		};
		77EC114A2620CB0800725CF9 /* Release */ = {
			isa = XCBuildConfiguration;
			buildSettings = {
				ALWAYS_SEARCH_USER_PATHS = NO;
				CLANG_ANALYZER_NONNULL = YES;
				CLANG_ANALYZER_NUMBER_OBJECT_CONVERSION = YES_AGGRESSIVE;
				CLANG_CXX_LANGUAGE_STANDARD = "gnu++14";
				CLANG_CXX_LIBRARY = "libc++";
				CLANG_ENABLE_MODULES = YES;
				CLANG_ENABLE_OBJC_ARC = YES;
				CLANG_ENABLE_OBJC_WEAK = YES;
				CLANG_WARN_BLOCK_CAPTURE_AUTORELEASING = YES;
				CLANG_WARN_BOOL_CONVERSION = YES;
				CLANG_WARN_COMMA = YES;
				CLANG_WARN_CONSTANT_CONVERSION = YES;
				CLANG_WARN_DEPRECATED_OBJC_IMPLEMENTATIONS = YES;
				CLANG_WARN_DIRECT_OBJC_ISA_USAGE = YES_ERROR;
				CLANG_WARN_DOCUMENTATION_COMMENTS = YES;
				CLANG_WARN_EMPTY_BODY = YES;
				CLANG_WARN_ENUM_CONVERSION = YES;
				CLANG_WARN_INFINITE_RECURSION = YES;
				CLANG_WARN_INT_CONVERSION = YES;
				CLANG_WARN_NON_LITERAL_NULL_CONVERSION = YES;
				CLANG_WARN_OBJC_IMPLICIT_RETAIN_SELF = YES;
				CLANG_WARN_OBJC_LITERAL_CONVERSION = YES;
				CLANG_WARN_OBJC_ROOT_CLASS = YES_ERROR;
				CLANG_WARN_QUOTED_INCLUDE_IN_FRAMEWORK_HEADER = YES;
				CLANG_WARN_RANGE_LOOP_ANALYSIS = YES;
				CLANG_WARN_STRICT_PROTOTYPES = YES;
				CLANG_WARN_SUSPICIOUS_MOVE = YES;
				CLANG_WARN_UNGUARDED_AVAILABILITY = YES_AGGRESSIVE;
				CLANG_WARN_UNREACHABLE_CODE = YES;
				CLANG_WARN__DUPLICATE_METHOD_MATCH = YES;
				COPY_PHASE_STRIP = NO;
				DEBUG_INFORMATION_FORMAT = "dwarf-with-dsym";
				ENABLE_NS_ASSERTIONS = NO;
				ENABLE_STRICT_OBJC_MSGSEND = YES;
				GCC_C_LANGUAGE_STANDARD = gnu11;
				GCC_NO_COMMON_BLOCKS = YES;
				GCC_WARN_64_TO_32_BIT_CONVERSION = YES;
				GCC_WARN_ABOUT_RETURN_TYPE = YES_ERROR;
				GCC_WARN_UNDECLARED_SELECTOR = YES;
				GCC_WARN_UNINITIALIZED_AUTOS = YES_AGGRESSIVE;
				GCC_WARN_UNUSED_FUNCTION = YES;
				GCC_WARN_UNUSED_VARIABLE = YES;
				IPHONEOS_DEPLOYMENT_TARGET = 14.4;
				MTL_ENABLE_DEBUG_INFO = NO;
				MTL_FAST_MATH = YES;
				SDKROOT = iphoneos;
				SWIFT_COMPILATION_MODE = wholemodule;
				SWIFT_OPTIMIZATION_LEVEL = "-O";
				VALIDATE_PRODUCT = YES;
			};
			name = Release;
		};
		77EC114C2620CB0800725CF9 /* Debug */ = {
			isa = XCBuildConfiguration;
			buildSettings = {
				ASSETCATALOG_COMPILER_APPICON_NAME = AppIcon;
				ASSETCATALOG_COMPILER_GLOBAL_ACCENT_COLOR_NAME = AccentColor;
				CODE_SIGN_STYLE = Automatic;
				DEVELOPMENT_ASSET_PATHS = "\"WinOrLose/Preview Content\"";
				DEVELOPMENT_TEAM = 69Y77S7YQP;
				ENABLE_PREVIEWS = YES;
				INFOPLIST_FILE = WinOrLose/Info.plist;
				IPHONEOS_DEPLOYMENT_TARGET = 14.0;
				LD_RUNPATH_SEARCH_PATHS = (
					"$(inherited)",
					"@executable_path/Frameworks",
				);
				PRODUCT_BUNDLE_IDENTIFIER = com.ronaldoGomes.WinOrLose;
				PRODUCT_NAME = "$(TARGET_NAME)";
				SWIFT_VERSION = 5.0;
				TARGETED_DEVICE_FAMILY = "1,2";
			};
			name = Debug;
		};
		77EC114D2620CB0800725CF9 /* Release */ = {
			isa = XCBuildConfiguration;
			buildSettings = {
				ASSETCATALOG_COMPILER_APPICON_NAME = AppIcon;
				ASSETCATALOG_COMPILER_GLOBAL_ACCENT_COLOR_NAME = AccentColor;
				CODE_SIGN_STYLE = Automatic;
				DEVELOPMENT_ASSET_PATHS = "\"WinOrLose/Preview Content\"";
				DEVELOPMENT_TEAM = 69Y77S7YQP;
				ENABLE_PREVIEWS = YES;
				INFOPLIST_FILE = WinOrLose/Info.plist;
				IPHONEOS_DEPLOYMENT_TARGET = 14.0;
				LD_RUNPATH_SEARCH_PATHS = (
					"$(inherited)",
					"@executable_path/Frameworks",
				);
				PRODUCT_BUNDLE_IDENTIFIER = com.ronaldoGomes.WinOrLose;
				PRODUCT_NAME = "$(TARGET_NAME)";
				SWIFT_VERSION = 5.0;
				TARGETED_DEVICE_FAMILY = "1,2";
			};
			name = Release;
		};
		77EC114F2620CB0800725CF9 /* Debug */ = {
			isa = XCBuildConfiguration;
			buildSettings = {
				ALWAYS_EMBED_SWIFT_STANDARD_LIBRARIES = YES;
				BUNDLE_LOADER = "$(TEST_HOST)";
				CODE_SIGN_STYLE = Automatic;
				DEVELOPMENT_TEAM = 69Y77S7YQP;
				INFOPLIST_FILE = WinOrLoseTests/Info.plist;
				IPHONEOS_DEPLOYMENT_TARGET = 14.0;
				LD_RUNPATH_SEARCH_PATHS = (
					"$(inherited)",
					"@executable_path/Frameworks",
					"@loader_path/Frameworks",
				);
				PRODUCT_BUNDLE_IDENTIFIER = com.ronaldoGomes.WinOrLoseTests;
				PRODUCT_NAME = "$(TARGET_NAME)";
				SWIFT_VERSION = 5.0;
				TARGETED_DEVICE_FAMILY = "1,2";
				TEST_HOST = "$(BUILT_PRODUCTS_DIR)/WinOrLose.app/WinOrLose";
			};
			name = Debug;
		};
		77EC11502620CB0800725CF9 /* Release */ = {
			isa = XCBuildConfiguration;
			buildSettings = {
				ALWAYS_EMBED_SWIFT_STANDARD_LIBRARIES = YES;
				BUNDLE_LOADER = "$(TEST_HOST)";
				CODE_SIGN_STYLE = Automatic;
				DEVELOPMENT_TEAM = 69Y77S7YQP;
				INFOPLIST_FILE = WinOrLoseTests/Info.plist;
				IPHONEOS_DEPLOYMENT_TARGET = 14.0;
				LD_RUNPATH_SEARCH_PATHS = (
					"$(inherited)",
					"@executable_path/Frameworks",
					"@loader_path/Frameworks",
				);
				PRODUCT_BUNDLE_IDENTIFIER = com.ronaldoGomes.WinOrLoseTests;
				PRODUCT_NAME = "$(TARGET_NAME)";
				SWIFT_VERSION = 5.0;
				TARGETED_DEVICE_FAMILY = "1,2";
				TEST_HOST = "$(BUILT_PRODUCTS_DIR)/WinOrLose.app/WinOrLose";
			};
			name = Release;
		};
		77EC11522620CB0800725CF9 /* Debug */ = {
			isa = XCBuildConfiguration;
			buildSettings = {
				ALWAYS_EMBED_SWIFT_STANDARD_LIBRARIES = YES;
				CODE_SIGN_STYLE = Automatic;
				DEVELOPMENT_TEAM = 69Y77S7YQP;
				INFOPLIST_FILE = WinOrLoseUITests/Info.plist;
				LD_RUNPATH_SEARCH_PATHS = (
					"$(inherited)",
					"@executable_path/Frameworks",
					"@loader_path/Frameworks",
				);
				PRODUCT_BUNDLE_IDENTIFIER = com.ronaldoGomes.WinOrLoseUITests;
				PRODUCT_NAME = "$(TARGET_NAME)";
				SWIFT_VERSION = 5.0;
				TARGETED_DEVICE_FAMILY = "1,2";
				TEST_TARGET_NAME = WinOrLose;
			};
			name = Debug;
		};
		77EC11532620CB0800725CF9 /* Release */ = {
			isa = XCBuildConfiguration;
			buildSettings = {
				ALWAYS_EMBED_SWIFT_STANDARD_LIBRARIES = YES;
				CODE_SIGN_STYLE = Automatic;
				DEVELOPMENT_TEAM = 69Y77S7YQP;
				INFOPLIST_FILE = WinOrLoseUITests/Info.plist;
				LD_RUNPATH_SEARCH_PATHS = (
					"$(inherited)",
					"@executable_path/Frameworks",
					"@loader_path/Frameworks",
				);
				PRODUCT_BUNDLE_IDENTIFIER = com.ronaldoGomes.WinOrLoseUITests;
				PRODUCT_NAME = "$(TARGET_NAME)";
				SWIFT_VERSION = 5.0;
				TARGETED_DEVICE_FAMILY = "1,2";
				TEST_TARGET_NAME = WinOrLose;
			};
			name = Release;
		};
/* End XCBuildConfiguration section */

/* Begin XCConfigurationList section */
		77EC11212620CB0700725CF9 /* Build configuration list for PBXProject "WinOrLose" */ = {
			isa = XCConfigurationList;
			buildConfigurations = (
				77EC11492620CB0800725CF9 /* Debug */,
				77EC114A2620CB0800725CF9 /* Release */,
			);
			defaultConfigurationIsVisible = 0;
			defaultConfigurationName = Release;
		};
		77EC114B2620CB0800725CF9 /* Build configuration list for PBXNativeTarget "WinOrLose" */ = {
			isa = XCConfigurationList;
			buildConfigurations = (
				77EC114C2620CB0800725CF9 /* Debug */,
				77EC114D2620CB0800725CF9 /* Release */,
			);
			defaultConfigurationIsVisible = 0;
			defaultConfigurationName = Release;
		};
		77EC114E2620CB0800725CF9 /* Build configuration list for PBXNativeTarget "WinOrLoseTests" */ = {
			isa = XCConfigurationList;
			buildConfigurations = (
				77EC114F2620CB0800725CF9 /* Debug */,
				77EC11502620CB0800725CF9 /* Release */,
			);
			defaultConfigurationIsVisible = 0;
			defaultConfigurationName = Release;
		};
		77EC11512620CB0800725CF9 /* Build configuration list for PBXNativeTarget "WinOrLoseUITests" */ = {
			isa = XCConfigurationList;
			buildConfigurations = (
				77EC11522620CB0800725CF9 /* Debug */,
				77EC11532620CB0800725CF9 /* Release */,
			);
			defaultConfigurationIsVisible = 0;
			defaultConfigurationName = Release;
		};
/* End XCConfigurationList section */
	};
	rootObject = 77EC111E2620CB0700725CF9 /* Project object */;
}
