// !$*UTF8*$!
{
	archiveVersion = 1;
	classes = {
	};
	objectVersion = 50;
	objects = {

/* Begin PBXBuildFile section */
		775198CF2613C36600A37271 /* WeSplitApp.swift in Sources */ = {isa = PBXBuildFile; fileRef = 775198CE2613C36600A37271 /* WeSplitApp.swift */; };
		775198D12613C36600A37271 /* ContentView.swift in Sources */ = {isa = PBXBuildFile; fileRef = 775198D02613C36600A37271 /* ContentView.swift */; };
		775198D32613C36600A37271 /* Assets.xcassets in Resources */ = {isa = PBXBuildFile; fileRef = 775198D22613C36600A37271 /* Assets.xcassets */; };
		775198D62613C36600A37271 /* Preview Assets.xcassets in Resources */ = {isa = PBXBuildFile; fileRef = 775198D52613C36600A37271 /* Preview Assets.xcassets */; };
		775198E12613C36600A37271 /* WeSplitTests.swift in Sources */ = {isa = PBXBuildFile; fileRef = 775198E02613C36600A37271 /* WeSplitTests.swift */; };
		775198EC2613C36700A37271 /* WeSplitUITests.swift in Sources */ = {isa = PBXBuildFile; fileRef = 775198EB2613C36700A37271 /* WeSplitUITests.swift */; };
/* End PBXBuildFile section */

/* Begin PBXContainerItemProxy section */
		775198DD2613C36600A37271 /* PBXContainerItemProxy */ = {
			isa = PBXContainerItemProxy;
			containerPortal = 775198C32613C36600A37271 /* Project object */;
			proxyType = 1;
			remoteGlobalIDString = 775198CA2613C36600A37271;
			remoteInfo = WeSplit;
		};
		775198E82613C36700A37271 /* PBXContainerItemProxy */ = {
			isa = PBXContainerItemProxy;
			containerPortal = 775198C32613C36600A37271 /* Project object */;
			proxyType = 1;
			remoteGlobalIDString = 775198CA2613C36600A37271;
			remoteInfo = WeSplit;
		};
/* End PBXContainerItemProxy section */

/* Begin PBXFileReference section */
		775198CB2613C36600A37271 /* WeSplit.app */ = {isa = PBXFileReference; explicitFileType = wrapper.application; includeInIndex = 0; path = WeSplit.app; sourceTree = BUILT_PRODUCTS_DIR; };
		775198CE2613C36600A37271 /* WeSplitApp.swift */ = {isa = PBXFileReference; lastKnownFileType = sourcecode.swift; path = WeSplitApp.swift; sourceTree = "<group>"; };
		775198D02613C36600A37271 /* ContentView.swift */ = {isa = PBXFileReference; lastKnownFileType = sourcecode.swift; path = ContentView.swift; sourceTree = "<group>"; };
		775198D22613C36600A37271 /* Assets.xcassets */ = {isa = PBXFileReference; lastKnownFileType = folder.assetcatalog; path = Assets.xcassets; sourceTree = "<group>"; };
		775198D52613C36600A37271 /* Preview Assets.xcassets */ = {isa = PBXFileReference; lastKnownFileType = folder.assetcatalog; path = "Preview Assets.xcassets"; sourceTree = "<group>"; };
		775198D72613C36600A37271 /* Info.plist */ = {isa = PBXFileReference; lastKnownFileType = text.plist.xml; path = Info.plist; sourceTree = "<group>"; };
		775198DC2613C36600A37271 /* WeSplitTests.xctest */ = {isa = PBXFileReference; explicitFileType = wrapper.cfbundle; includeInIndex = 0; path = WeSplitTests.xctest; sourceTree = BUILT_PRODUCTS_DIR; };
		775198E02613C36600A37271 /* WeSplitTests.swift */ = {isa = PBXFileReference; lastKnownFileType = sourcecode.swift; path = WeSplitTests.swift; sourceTree = "<group>"; };
		775198E22613C36600A37271 /* Info.plist */ = {isa = PBXFileReference; lastKnownFileType = text.plist.xml; path = Info.plist; sourceTree = "<group>"; };
		775198E72613C36700A37271 /* WeSplitUITests.xctest */ = {isa = PBXFileReference; explicitFileType = wrapper.cfbundle; includeInIndex = 0; path = WeSplitUITests.xctest; sourceTree = BUILT_PRODUCTS_DIR; };
		775198EB2613C36700A37271 /* WeSplitUITests.swift */ = {isa = PBXFileReference; lastKnownFileType = sourcecode.swift; path = WeSplitUITests.swift; sourceTree = "<group>"; };
		775198ED2613C36700A37271 /* Info.plist */ = {isa = PBXFileReference; lastKnownFileType = text.plist.xml; path = Info.plist; sourceTree = "<group>"; };
/* End PBXFileReference section */

/* Begin PBXFrameworksBuildPhase section */
		775198C82613C36600A37271 /* Frameworks */ = {
			isa = PBXFrameworksBuildPhase;
			buildActionMask = 2147483647;
			files = (
			);
			runOnlyForDeploymentPostprocessing = 0;
		};
		775198D92613C36600A37271 /* Frameworks */ = {
			isa = PBXFrameworksBuildPhase;
			buildActionMask = 2147483647;
			files = (
			);
			runOnlyForDeploymentPostprocessing = 0;
		};
		775198E42613C36700A37271 /* Frameworks */ = {
			isa = PBXFrameworksBuildPhase;
			buildActionMask = 2147483647;
			files = (
			);
			runOnlyForDeploymentPostprocessing = 0;
		};
/* End PBXFrameworksBuildPhase section */

/* Begin PBXGroup section */
		775198C22613C36600A37271 = {
			isa = PBXGroup;
			children = (
				775198CD2613C36600A37271 /* WeSplit */,
				775198DF2613C36600A37271 /* WeSplitTests */,
				775198EA2613C36700A37271 /* WeSplitUITests */,
				775198CC2613C36600A37271 /* Products */,
			);
			sourceTree = "<group>";
		};
		775198CC2613C36600A37271 /* Products */ = {
			isa = PBXGroup;
			children = (
				775198CB2613C36600A37271 /* WeSplit.app */,
				775198DC2613C36600A37271 /* WeSplitTests.xctest */,
				775198E72613C36700A37271 /* WeSplitUITests.xctest */,
			);
			name = Products;
			sourceTree = "<group>";
		};
		775198CD2613C36600A37271 /* WeSplit */ = {
			isa = PBXGroup;
			children = (
				775198CE2613C36600A37271 /* WeSplitApp.swift */,
				775198D02613C36600A37271 /* ContentView.swift */,
				775198D22613C36600A37271 /* Assets.xcassets */,
				775198D72613C36600A37271 /* Info.plist */,
				775198D42613C36600A37271 /* Preview Content */,
			);
			path = WeSplit;
			sourceTree = "<group>";
		};
		775198D42613C36600A37271 /* Preview Content */ = {
			isa = PBXGroup;
			children = (
				775198D52613C36600A37271 /* Preview Assets.xcassets */,
			);
			path = "Preview Content";
			sourceTree = "<group>";
		};
		775198DF2613C36600A37271 /* WeSplitTests */ = {
			isa = PBXGroup;
			children = (
				775198E02613C36600A37271 /* WeSplitTests.swift */,
				775198E22613C36600A37271 /* Info.plist */,
			);
			path = WeSplitTests;
			sourceTree = "<group>";
		};
		775198EA2613C36700A37271 /* WeSplitUITests */ = {
			isa = PBXGroup;
			children = (
				775198EB2613C36700A37271 /* WeSplitUITests.swift */,
				775198ED2613C36700A37271 /* Info.plist */,
			);
			path = WeSplitUITests;
			sourceTree = "<group>";
		};
/* End PBXGroup section */

/* Begin PBXNativeTarget section */
		775198CA2613C36600A37271 /* WeSplit */ = {
			isa = PBXNativeTarget;
			buildConfigurationList = 775198F02613C36700A37271 /* Build configuration list for PBXNativeTarget "WeSplit" */;
			buildPhases = (
				775198C72613C36600A37271 /* Sources */,
				775198C82613C36600A37271 /* Frameworks */,
				775198C92613C36600A37271 /* Resources */,
			);
			buildRules = (
			);
			dependencies = (
			);
			name = WeSplit;
			productName = WeSplit;
			productReference = 775198CB2613C36600A37271 /* WeSplit.app */;
			productType = "com.apple.product-type.application";
		};
		775198DB2613C36600A37271 /* WeSplitTests */ = {
			isa = PBXNativeTarget;
			buildConfigurationList = 775198F32613C36700A37271 /* Build configuration list for PBXNativeTarget "WeSplitTests" */;
			buildPhases = (
				775198D82613C36600A37271 /* Sources */,
				775198D92613C36600A37271 /* Frameworks */,
				775198DA2613C36600A37271 /* Resources */,
			);
			buildRules = (
			);
			dependencies = (
				775198DE2613C36600A37271 /* PBXTargetDependency */,
			);
			name = WeSplitTests;
			productName = WeSplitTests;
			productReference = 775198DC2613C36600A37271 /* WeSplitTests.xctest */;
			productType = "com.apple.product-type.bundle.unit-test";
		};
		775198E62613C36700A37271 /* WeSplitUITests */ = {
			isa = PBXNativeTarget;
			buildConfigurationList = 775198F62613C36700A37271 /* Build configuration list for PBXNativeTarget "WeSplitUITests" */;
			buildPhases = (
				775198E32613C36700A37271 /* Sources */,
				775198E42613C36700A37271 /* Frameworks */,
				775198E52613C36700A37271 /* Resources */,
			);
			buildRules = (
			);
			dependencies = (
				775198E92613C36700A37271 /* PBXTargetDependency */,
			);
			name = WeSplitUITests;
			productName = WeSplitUITests;
			productReference = 775198E72613C36700A37271 /* WeSplitUITests.xctest */;
			productType = "com.apple.product-type.bundle.ui-testing";
		};
/* End PBXNativeTarget section */

/* Begin PBXProject section */
		775198C32613C36600A37271 /* Project object */ = {
			isa = PBXProject;
			attributes = {
				LastSwiftUpdateCheck = 1240;
				LastUpgradeCheck = 1240;
				TargetAttributes = {
					775198CA2613C36600A37271 = {
						CreatedOnToolsVersion = 12.4;
					};
					775198DB2613C36600A37271 = {
						CreatedOnToolsVersion = 12.4;
						TestTargetID = 775198CA2613C36600A37271;
					};
					775198E62613C36700A37271 = {
						CreatedOnToolsVersion = 12.4;
						TestTargetID = 775198CA2613C36600A37271;
					};
				};
			};
			buildConfigurationList = 775198C62613C36600A37271 /* Build configuration list for PBXProject "WeSplit" */;
			compatibilityVersion = "Xcode 9.3";
			developmentRegion = en;
			hasScannedForEncodings = 0;
			knownRegions = (
				en,
				Base,
			);
			mainGroup = 775198C22613C36600A37271;
			productRefGroup = 775198CC2613C36600A37271 /* Products */;
			projectDirPath = "";
			projectRoot = "";
			targets = (
				775198CA2613C36600A37271 /* WeSplit */,
				775198DB2613C36600A37271 /* WeSplitTests */,
				775198E62613C36700A37271 /* WeSplitUITests */,
			);
		};
/* End PBXProject section */

/* Begin PBXResourcesBuildPhase section */
		775198C92613C36600A37271 /* Resources */ = {
			isa = PBXResourcesBuildPhase;
			buildActionMask = 2147483647;
			files = (
				775198D62613C36600A37271 /* Preview Assets.xcassets in Resources */,
				775198D32613C36600A37271 /* Assets.xcassets in Resources */,
			);
			runOnlyForDeploymentPostprocessing = 0;
		};
		775198DA2613C36600A37271 /* Resources */ = {
			isa = PBXResourcesBuildPhase;
			buildActionMask = 2147483647;
			files = (
			);
			runOnlyForDeploymentPostprocessing = 0;
		};
		775198E52613C36700A37271 /* Resources */ = {
			isa = PBXResourcesBuildPhase;
			buildActionMask = 2147483647;
			files = (
			);
			runOnlyForDeploymentPostprocessing = 0;
		};
/* End PBXResourcesBuildPhase section */

/* Begin PBXSourcesBuildPhase section */
		775198C72613C36600A37271 /* Sources */ = {
			isa = PBXSourcesBuildPhase;
			buildActionMask = 2147483647;
			files = (
				775198D12613C36600A37271 /* ContentView.swift in Sources */,
				775198CF2613C36600A37271 /* WeSplitApp.swift in Sources */,
			);
			runOnlyForDeploymentPostprocessing = 0;
		};
		775198D82613C36600A37271 /* Sources */ = {
			isa = PBXSourcesBuildPhase;
			buildActionMask = 2147483647;
			files = (
				775198E12613C36600A37271 /* WeSplitTests.swift in Sources */,
			);
			runOnlyForDeploymentPostprocessing = 0;
		};
		775198E32613C36700A37271 /* Sources */ = {
			isa = PBXSourcesBuildPhase;
			buildActionMask = 2147483647;
			files = (
				775198EC2613C36700A37271 /* WeSplitUITests.swift in Sources */,
			);
			runOnlyForDeploymentPostprocessing = 0;
		};
/* End PBXSourcesBuildPhase section */

/* Begin PBXTargetDependency section */
		775198DE2613C36600A37271 /* PBXTargetDependency */ = {
			isa = PBXTargetDependency;
			target = 775198CA2613C36600A37271 /* WeSplit */;
			targetProxy = 775198DD2613C36600A37271 /* PBXContainerItemProxy */;
		};
		775198E92613C36700A37271 /* PBXTargetDependency */ = {
			isa = PBXTargetDependency;
			target = 775198CA2613C36600A37271 /* WeSplit */;
			targetProxy = 775198E82613C36700A37271 /* PBXContainerItemProxy */;
		};
/* End PBXTargetDependency section */

/* Begin XCBuildConfiguration section */
		775198EE2613C36700A37271 /* Debug */ = {
			isa = XCBuildConfiguration;
			buildSettings = {
				ALWAYS_SEARCH_USER_PATHS = NO;
				CLANG_ANALYZER_NONNULL = YES;
				CLANG_ANALYZER_NUMBER_OBJECT_CONVERSION = YES_AGGRESSIVE;
				CLANG_CXX_LANGUAGE_STANDARD = "gnu++14";
				CLANG_CXX_LIBRARY = "libc++";
				CLANG_ENABLE_MODULES = YES;
				CLANG_ENABLE_OBJC_ARC = YES;
				CLANG_ENABLE_OBJC_WEAK = YES;
				CLANG_WARN_BLOCK_CAPTURE_AUTORELEASING = YES;
				CLANG_WARN_BOOL_CONVERSION = YES;
				CLANG_WARN_COMMA = YES;
				CLANG_WARN_CONSTANT_CONVERSION = YES;
				CLANG_WARN_DEPRECATED_OBJC_IMPLEMENTATIONS = YES;
				CLANG_WARN_DIRECT_OBJC_ISA_USAGE = YES_ERROR;
				CLANG_WARN_DOCUMENTATION_COMMENTS = YES;
				CLANG_WARN_EMPTY_BODY = YES;
				CLANG_WARN_ENUM_CONVERSION = YES;
				CLANG_WARN_INFINITE_RECURSION = YES;
				CLANG_WARN_INT_CONVERSION = YES;
				CLANG_WARN_NON_LITERAL_NULL_CONVERSION = YES;
				CLANG_WARN_OBJC_IMPLICIT_RETAIN_SELF = YES;
				CLANG_WARN_OBJC_LITERAL_CONVERSION = YES;
				CLANG_WARN_OBJC_ROOT_CLASS = YES_ERROR;
				CLANG_WARN_QUOTED_INCLUDE_IN_FRAMEWORK_HEADER = YES;
				CLANG_WARN_RANGE_LOOP_ANALYSIS = YES;
				CLANG_WARN_STRICT_PROTOTYPES = YES;
				CLANG_WARN_SUSPICIOUS_MOVE = YES;
				CLANG_WARN_UNGUARDED_AVAILABILITY = YES_AGGRESSIVE;
				CLANG_WARN_UNREACHABLE_CODE = YES;
				CLANG_WARN__DUPLICATE_METHOD_MATCH = YES;
				COPY_PHASE_STRIP = NO;
				DEBUG_INFORMATION_FORMAT = dwarf;
				ENABLE_STRICT_OBJC_MSGSEND = YES;
				ENABLE_TESTABILITY = YES;
				GCC_C_LANGUAGE_STANDARD = gnu11;
				GCC_DYNAMIC_NO_PIC = NO;
				GCC_NO_COMMON_BLOCKS = YES;
				GCC_OPTIMIZATION_LEVEL = 0;
				GCC_PREPROCESSOR_DEFINITIONS = (
					"DEBUG=1",
					"$(inherited)",
				);
				GCC_WARN_64_TO_32_BIT_CONVERSION = YES;
				GCC_WARN_ABOUT_RETURN_TYPE = YES_ERROR;
				GCC_WARN_UNDECLARED_SELECTOR = YES;
				GCC_WARN_UNINITIALIZED_AUTOS = YES_AGGRESSIVE;
				GCC_WARN_UNUSED_FUNCTION = YES;
				GCC_WARN_UNUSED_VARIABLE = YES;
				IPHONEOS_DEPLOYMENT_TARGET = 14.4;
				MTL_ENABLE_DEBUG_INFO = INCLUDE_SOURCE;
				MTL_FAST_MATH = YES;
				ONLY_ACTIVE_ARCH = YES;
				SDKROOT = iphoneos;
				SWIFT_ACTIVE_COMPILATION_CONDITIONS = DEBUG;
				SWIFT_OPTIMIZATION_LEVEL = "-Onone";
			};
			name = Debug;
		};
		775198EF2613C36700A37271 /* Release */ = {
			isa = XCBuildConfiguration;
			buildSettings = {
				ALWAYS_SEARCH_USER_PATHS = NO;
				CLANG_ANALYZER_NONNULL = YES;
				CLANG_ANALYZER_NUMBER_OBJECT_CONVERSION = YES_AGGRESSIVE;
				CLANG_CXX_LANGUAGE_STANDARD = "gnu++14";
				CLANG_CXX_LIBRARY = "libc++";
				CLANG_ENABLE_MODULES = YES;
				CLANG_ENABLE_OBJC_ARC = YES;
				CLANG_ENABLE_OBJC_WEAK = YES;
				CLANG_WARN_BLOCK_CAPTURE_AUTORELEASING = YES;
				CLANG_WARN_BOOL_CONVERSION = YES;
				CLANG_WARN_COMMA = YES;
				CLANG_WARN_CONSTANT_CONVERSION = YES;
				CLANG_WARN_DEPRECATED_OBJC_IMPLEMENTATIONS = YES;
				CLANG_WARN_DIRECT_OBJC_ISA_USAGE = YES_ERROR;
				CLANG_WARN_DOCUMENTATION_COMMENTS = YES;
				CLANG_WARN_EMPTY_BODY = YES;
				CLANG_WARN_ENUM_CONVERSION = YES;
				CLANG_WARN_INFINITE_RECURSION = YES;
				CLANG_WARN_INT_CONVERSION = YES;
				CLANG_WARN_NON_LITERAL_NULL_CONVERSION = YES;
				CLANG_WARN_OBJC_IMPLICIT_RETAIN_SELF = YES;
				CLANG_WARN_OBJC_LITERAL_CONVERSION = YES;
				CLANG_WARN_OBJC_ROOT_CLASS = YES_ERROR;
				CLANG_WARN_QUOTED_INCLUDE_IN_FRAMEWORK_HEADER = YES;
				CLANG_WARN_RANGE_LOOP_ANALYSIS = YES;
				CLANG_WARN_STRICT_PROTOTYPES = YES;
				CLANG_WARN_SUSPICIOUS_MOVE = YES;
				CLANG_WARN_UNGUARDED_AVAILABILITY = YES_AGGRESSIVE;
				CLANG_WARN_UNREACHABLE_CODE = YES;
				CLANG_WARN__DUPLICATE_METHOD_MATCH = YES;
				COPY_PHASE_STRIP = NO;
				DEBUG_INFORMATION_FORMAT = "dwarf-with-dsym";
				ENABLE_NS_ASSERTIONS = NO;
				ENABLE_STRICT_OBJC_MSGSEND = YES;
				GCC_C_LANGUAGE_STANDARD = gnu11;
				GCC_NO_COMMON_BLOCKS = YES;
				GCC_WARN_64_TO_32_BIT_CONVERSION = YES;
				GCC_WARN_ABOUT_RETURN_TYPE = YES_ERROR;
				GCC_WARN_UNDECLARED_SELECTOR = YES;
				GCC_WARN_UNINITIALIZED_AUTOS = YES_AGGRESSIVE;
				GCC_WARN_UNUSED_FUNCTION = YES;
				GCC_WARN_UNUSED_VARIABLE = YES;
				IPHONEOS_DEPLOYMENT_TARGET = 14.4;
				MTL_ENABLE_DEBUG_INFO = NO;
				MTL_FAST_MATH = YES;
				SDKROOT = iphoneos;
				SWIFT_COMPILATION_MODE = wholemodule;
				SWIFT_OPTIMIZATION_LEVEL = "-O";
				VALIDATE_PRODUCT = YES;
			};
			name = Release;
		};
		775198F12613C36700A37271 /* Debug */ = {
			isa = XCBuildConfiguration;
			buildSettings = {
				ASSETCATALOG_COMPILER_APPICON_NAME = AppIcon;
				ASSETCATALOG_COMPILER_GLOBAL_ACCENT_COLOR_NAME = AccentColor;
				CODE_SIGN_STYLE = Automatic;
				DEVELOPMENT_ASSET_PATHS = "\"WeSplit/Preview Content\"";
				DEVELOPMENT_TEAM = 69Y77S7YQP;
				ENABLE_PREVIEWS = YES;
				INFOPLIST_FILE = WeSplit/Info.plist;
				IPHONEOS_DEPLOYMENT_TARGET = 14.0;
				LD_RUNPATH_SEARCH_PATHS = (
					"$(inherited)",
					"@executable_path/Frameworks",
				);
				PRODUCT_BUNDLE_IDENTIFIER = com.ronaldoGomes.WeSplit;
				PRODUCT_NAME = "$(TARGET_NAME)";
				SWIFT_VERSION = 5.0;
				TARGETED_DEVICE_FAMILY = "1,2";
			};
			name = Debug;
		};
		775198F22613C36700A37271 /* Release */ = {
			isa = XCBuildConfiguration;
			buildSettings = {
				ASSETCATALOG_COMPILER_APPICON_NAME = AppIcon;
				ASSETCATALOG_COMPILER_GLOBAL_ACCENT_COLOR_NAME = AccentColor;
				CODE_SIGN_STYLE = Automatic;
				DEVELOPMENT_ASSET_PATHS = "\"WeSplit/Preview Content\"";
				DEVELOPMENT_TEAM = 69Y77S7YQP;
				ENABLE_PREVIEWS = YES;
				INFOPLIST_FILE = WeSplit/Info.plist;
				IPHONEOS_DEPLOYMENT_TARGET = 14.0;
				LD_RUNPATH_SEARCH_PATHS = (
					"$(inherited)",
					"@executable_path/Frameworks",
				);
				PRODUCT_BUNDLE_IDENTIFIER = com.ronaldoGomes.WeSplit;
				PRODUCT_NAME = "$(TARGET_NAME)";
				SWIFT_VERSION = 5.0;
				TARGETED_DEVICE_FAMILY = "1,2";
			};
			name = Release;
		};
		775198F42613C36700A37271 /* Debug */ = {
			isa = XCBuildConfiguration;
			buildSettings = {
				ALWAYS_EMBED_SWIFT_STANDARD_LIBRARIES = YES;
				BUNDLE_LOADER = "$(TEST_HOST)";
				CODE_SIGN_STYLE = Automatic;
				DEVELOPMENT_TEAM = 69Y77S7YQP;
				INFOPLIST_FILE = WeSplitTests/Info.plist;
				IPHONEOS_DEPLOYMENT_TARGET = 14.0;
				LD_RUNPATH_SEARCH_PATHS = (
					"$(inherited)",
					"@executable_path/Frameworks",
					"@loader_path/Frameworks",
				);
				PRODUCT_BUNDLE_IDENTIFIER = com.ronaldoGomes.WeSplitTests;
				PRODUCT_NAME = "$(TARGET_NAME)";
				SWIFT_VERSION = 5.0;
				TARGETED_DEVICE_FAMILY = "1,2";
				TEST_HOST = "$(BUILT_PRODUCTS_DIR)/WeSplit.app/WeSplit";
			};
			name = Debug;
		};
		775198F52613C36700A37271 /* Release */ = {
			isa = XCBuildConfiguration;
			buildSettings = {
				ALWAYS_EMBED_SWIFT_STANDARD_LIBRARIES = YES;
				BUNDLE_LOADER = "$(TEST_HOST)";
				CODE_SIGN_STYLE = Automatic;
				DEVELOPMENT_TEAM = 69Y77S7YQP;
				INFOPLIST_FILE = WeSplitTests/Info.plist;
				IPHONEOS_DEPLOYMENT_TARGET = 14.0;
				LD_RUNPATH_SEARCH_PATHS = (
					"$(inherited)",
					"@executable_path/Frameworks",
					"@loader_path/Frameworks",
				);
				PRODUCT_BUNDLE_IDENTIFIER = com.ronaldoGomes.WeSplitTests;
				PRODUCT_NAME = "$(TARGET_NAME)";
				SWIFT_VERSION = 5.0;
				TARGETED_DEVICE_FAMILY = "1,2";
				TEST_HOST = "$(BUILT_PRODUCTS_DIR)/WeSplit.app/WeSplit";
			};
			name = Release;
		};
		775198F72613C36700A37271 /* Debug */ = {
			isa = XCBuildConfiguration;
			buildSettings = {
				ALWAYS_EMBED_SWIFT_STANDARD_LIBRARIES = YES;
				CODE_SIGN_STYLE = Automatic;
				DEVELOPMENT_TEAM = 69Y77S7YQP;
				INFOPLIST_FILE = WeSplitUITests/Info.plist;
				LD_RUNPATH_SEARCH_PATHS = (
					"$(inherited)",
					"@executable_path/Frameworks",
					"@loader_path/Frameworks",
				);
				PRODUCT_BUNDLE_IDENTIFIER = com.ronaldoGomes.WeSplitUITests;
				PRODUCT_NAME = "$(TARGET_NAME)";
				SWIFT_VERSION = 5.0;
				TARGETED_DEVICE_FAMILY = "1,2";
				TEST_TARGET_NAME = WeSplit;
			};
			name = Debug;
		};
		775198F82613C36700A37271 /* Release */ = {
			isa = XCBuildConfiguration;
			buildSettings = {
				ALWAYS_EMBED_SWIFT_STANDARD_LIBRARIES = YES;
				CODE_SIGN_STYLE = Automatic;
				DEVELOPMENT_TEAM = 69Y77S7YQP;
				INFOPLIST_FILE = WeSplitUITests/Info.plist;
				LD_RUNPATH_SEARCH_PATHS = (
					"$(inherited)",
					"@executable_path/Frameworks",
					"@loader_path/Frameworks",
				);
				PRODUCT_BUNDLE_IDENTIFIER = com.ronaldoGomes.WeSplitUITests;
				PRODUCT_NAME = "$(TARGET_NAME)";
				SWIFT_VERSION = 5.0;
				TARGETED_DEVICE_FAMILY = "1,2";
				TEST_TARGET_NAME = WeSplit;
			};
			name = Release;
		};
/* End XCBuildConfiguration section */

/* Begin XCConfigurationList section */
		775198C62613C36600A37271 /* Build configuration list for PBXProject "WeSplit" */ = {
			isa = XCConfigurationList;
			buildConfigurations = (
				775198EE2613C36700A37271 /* Debug */,
				775198EF2613C36700A37271 /* Release */,
			);
			defaultConfigurationIsVisible = 0;
			defaultConfigurationName = Release;
		};
		775198F02613C36700A37271 /* Build configuration list for PBXNativeTarget "WeSplit" */ = {
			isa = XCConfigurationList;
			buildConfigurations = (
				775198F12613C36700A37271 /* Debug */,
				775198F22613C36700A37271 /* Release */,
			);
			defaultConfigurationIsVisible = 0;
			defaultConfigurationName = Release;
		};
		775198F32613C36700A37271 /* Build configuration list for PBXNativeTarget "WeSplitTests" */ = {
			isa = XCConfigurationList;
			buildConfigurations = (
				775198F42613C36700A37271 /* Debug */,
				775198F52613C36700A37271 /* Release */,
			);
			defaultConfigurationIsVisible = 0;
			defaultConfigurationName = Release;
		};
		775198F62613C36700A37271 /* Build configuration list for PBXNativeTarget "WeSplitUITests" */ = {
			isa = XCConfigurationList;
			buildConfigurations = (
				775198F72613C36700A37271 /* Debug */,
				775198F82613C36700A37271 /* Release */,
			);
			defaultConfigurationIsVisible = 0;
			defaultConfigurationName = Release;
		};
/* End XCConfigurationList section */
	};
	rootObject = 775198C32613C36600A37271 /* Project object */;
}
