// !$*UTF8*$!
{
	archiveVersion = 1;
	classes = {
	};
	objectVersion = 50;
	objects = {

/* Begin PBXBuildFile section */
		D11B2E4C2650AE2300D994D8 /* MoonshotApp.swift in Sources */ = {isa = PBXBuildFile; fileRef = D11B2E4B2650AE2300D994D8 /* MoonshotApp.swift */; };
		D11B2E4E2650AE2300D994D8 /* ContentView.swift in Sources */ = {isa = PBXBuildFile; fileRef = D11B2E4D2650AE2300D994D8 /* ContentView.swift */; };
		D11B2E502650AE2400D994D8 /* Assets.xcassets in Resources */ = {isa = PBXBuildFile; fileRef = D11B2E4F2650AE2400D994D8 /* Assets.xcassets */; };
		D11B2E532650AE2400D994D8 /* Preview Assets.xcassets in Resources */ = {isa = PBXBuildFile; fileRef = D11B2E522650AE2400D994D8 /* Preview Assets.xcassets */; };
		D11B2E5E2650AE2500D994D8 /* MoonshotTests.swift in Sources */ = {isa = PBXBuildFile; fileRef = D11B2E5D2650AE2500D994D8 /* MoonshotTests.swift */; };
		D11B2E692650AE2500D994D8 /* MoonshotUITests.swift in Sources */ = {isa = PBXBuildFile; fileRef = D11B2E682650AE2500D994D8 /* MoonshotUITests.swift */; };
		D11B2E782650B70B00D994D8 /* astronauts.json in Resources */ = {isa = PBXBuildFile; fileRef = D11B2E762650B70B00D994D8 /* astronauts.json */; };
		D11B2E792650B70B00D994D8 /* missions.json in Resources */ = {isa = PBXBuildFile; fileRef = D11B2E772650B70B00D994D8 /* missions.json */; };
		D11B2E7B2650B74400D994D8 /* Astronaut.swift in Sources */ = {isa = PBXBuildFile; fileRef = D11B2E7A2650B74400D994D8 /* Astronaut.swift */; };
		D11B2E7D2650B77E00D994D8 /* Bundle-Decodable.swift in Sources */ = {isa = PBXBuildFile; fileRef = D11B2E7C2650B77E00D994D8 /* Bundle-Decodable.swift */; };
		D11B2E7F2650B93B00D994D8 /* Mission.swift in Sources */ = {isa = PBXBuildFile; fileRef = D11B2E7E2650B93B00D994D8 /* Mission.swift */; };
		D11B2E812650C21200D994D8 /* MissionView.swift in Sources */ = {isa = PBXBuildFile; fileRef = D11B2E802650C21200D994D8 /* MissionView.swift */; };
		D11B2E832650C6A000D994D8 /* AstronautView.swift in Sources */ = {isa = PBXBuildFile; fileRef = D11B2E822650C6A000D994D8 /* AstronautView.swift */; };
/* End PBXBuildFile section */

/* Begin PBXContainerItemProxy section */
		D11B2E5A2650AE2500D994D8 /* PBXContainerItemProxy */ = {
			isa = PBXContainerItemProxy;
			containerPortal = D11B2E402650AE2300D994D8 /* Project object */;
			proxyType = 1;
			remoteGlobalIDString = D11B2E472650AE2300D994D8;
			remoteInfo = Moonshot;
		};
		D11B2E652650AE2500D994D8 /* PBXContainerItemProxy */ = {
			isa = PBXContainerItemProxy;
			containerPortal = D11B2E402650AE2300D994D8 /* Project object */;
			proxyType = 1;
			remoteGlobalIDString = D11B2E472650AE2300D994D8;
			remoteInfo = Moonshot;
		};
/* End PBXContainerItemProxy section */

/* Begin PBXFileReference section */
		D11B2E482650AE2300D994D8 /* Moonshot.app */ = {isa = PBXFileReference; explicitFileType = wrapper.application; includeInIndex = 0; path = Moonshot.app; sourceTree = BUILT_PRODUCTS_DIR; };
		D11B2E4B2650AE2300D994D8 /* MoonshotApp.swift */ = {isa = PBXFileReference; lastKnownFileType = sourcecode.swift; path = MoonshotApp.swift; sourceTree = "<group>"; };
		D11B2E4D2650AE2300D994D8 /* ContentView.swift */ = {isa = PBXFileReference; lastKnownFileType = sourcecode.swift; path = ContentView.swift; sourceTree = "<group>"; };
		D11B2E4F2650AE2400D994D8 /* Assets.xcassets */ = {isa = PBXFileReference; lastKnownFileType = folder.assetcatalog; path = Assets.xcassets; sourceTree = "<group>"; };
		D11B2E522650AE2400D994D8 /* Preview Assets.xcassets */ = {isa = PBXFileReference; lastKnownFileType = folder.assetcatalog; path = "Preview Assets.xcassets"; sourceTree = "<group>"; };
		D11B2E542650AE2400D994D8 /* Info.plist */ = {isa = PBXFileReference; lastKnownFileType = text.plist.xml; path = Info.plist; sourceTree = "<group>"; };
		D11B2E592650AE2500D994D8 /* MoonshotTests.xctest */ = {isa = PBXFileReference; explicitFileType = wrapper.cfbundle; includeInIndex = 0; path = MoonshotTests.xctest; sourceTree = BUILT_PRODUCTS_DIR; };
		D11B2E5D2650AE2500D994D8 /* MoonshotTests.swift */ = {isa = PBXFileReference; lastKnownFileType = sourcecode.swift; path = MoonshotTests.swift; sourceTree = "<group>"; };
		D11B2E5F2650AE2500D994D8 /* Info.plist */ = {isa = PBXFileReference; lastKnownFileType = text.plist.xml; path = Info.plist; sourceTree = "<group>"; };
		D11B2E642650AE2500D994D8 /* MoonshotUITests.xctest */ = {isa = PBXFileReference; explicitFileType = wrapper.cfbundle; includeInIndex = 0; path = MoonshotUITests.xctest; sourceTree = BUILT_PRODUCTS_DIR; };
		D11B2E682650AE2500D994D8 /* MoonshotUITests.swift */ = {isa = PBXFileReference; lastKnownFileType = sourcecode.swift; path = MoonshotUITests.swift; sourceTree = "<group>"; };
		D11B2E6A2650AE2500D994D8 /* Info.plist */ = {isa = PBXFileReference; lastKnownFileType = text.plist.xml; path = Info.plist; sourceTree = "<group>"; };
		D11B2E762650B70B00D994D8 /* astronauts.json */ = {isa = PBXFileReference; fileEncoding = 4; lastKnownFileType = text.json; path = astronauts.json; sourceTree = "<group>"; };
		D11B2E772650B70B00D994D8 /* missions.json */ = {isa = PBXFileReference; fileEncoding = 4; lastKnownFileType = text.json; path = missions.json; sourceTree = "<group>"; };
		D11B2E7A2650B74400D994D8 /* Astronaut.swift */ = {isa = PBXFileReference; lastKnownFileType = sourcecode.swift; path = Astronaut.swift; sourceTree = "<group>"; };
		D11B2E7C2650B77E00D994D8 /* Bundle-Decodable.swift */ = {isa = PBXFileReference; lastKnownFileType = sourcecode.swift; path = "Bundle-Decodable.swift"; sourceTree = "<group>"; };
		D11B2E7E2650B93B00D994D8 /* Mission.swift */ = {isa = PBXFileReference; lastKnownFileType = sourcecode.swift; path = Mission.swift; sourceTree = "<group>"; };
		D11B2E802650C21200D994D8 /* MissionView.swift */ = {isa = PBXFileReference; lastKnownFileType = sourcecode.swift; path = MissionView.swift; sourceTree = "<group>"; };
		D11B2E822650C6A000D994D8 /* AstronautView.swift */ = {isa = PBXFileReference; lastKnownFileType = sourcecode.swift; path = AstronautView.swift; sourceTree = "<group>"; };
/* End PBXFileReference section */

/* Begin PBXFrameworksBuildPhase section */
		D11B2E452650AE2300D994D8 /* Frameworks */ = {
			isa = PBXFrameworksBuildPhase;
			buildActionMask = 2147483647;
			files = (
			);
			runOnlyForDeploymentPostprocessing = 0;
		};
		D11B2E562650AE2500D994D8 /* Frameworks */ = {
			isa = PBXFrameworksBuildPhase;
			buildActionMask = 2147483647;
			files = (
			);
			runOnlyForDeploymentPostprocessing = 0;
		};
		D11B2E612650AE2500D994D8 /* Frameworks */ = {
			isa = PBXFrameworksBuildPhase;
			buildActionMask = 2147483647;
			files = (
			);
			runOnlyForDeploymentPostprocessing = 0;
		};
/* End PBXFrameworksBuildPhase section */

/* Begin PBXGroup section */
		D11B2E3F2650AE2300D994D8 = {
			isa = PBXGroup;
			children = (
				D11B2E4A2650AE2300D994D8 /* Moonshot */,
				D11B2E5C2650AE2500D994D8 /* MoonshotTests */,
				D11B2E672650AE2500D994D8 /* MoonshotUITests */,
				D11B2E492650AE2300D994D8 /* Products */,
			);
			sourceTree = "<group>";
		};
		D11B2E492650AE2300D994D8 /* Products */ = {
			isa = PBXGroup;
			children = (
				D11B2E482650AE2300D994D8 /* Moonshot.app */,
				D11B2E592650AE2500D994D8 /* MoonshotTests.xctest */,
				D11B2E642650AE2500D994D8 /* MoonshotUITests.xctest */,
			);
			name = Products;
			sourceTree = "<group>";
		};
		D11B2E4A2650AE2300D994D8 /* Moonshot */ = {
			isa = PBXGroup;
			children = (
				D11B2E4B2650AE2300D994D8 /* MoonshotApp.swift */,
				D11B2E4D2650AE2300D994D8 /* ContentView.swift */,
				D11B2E822650C6A000D994D8 /* AstronautView.swift */,
				D11B2E802650C21200D994D8 /* MissionView.swift */,
				D11B2E7E2650B93B00D994D8 /* Mission.swift */,
				D11B2E7A2650B74400D994D8 /* Astronaut.swift */,
				D11B2E7C2650B77E00D994D8 /* Bundle-Decodable.swift */,
				D11B2E762650B70B00D994D8 /* astronauts.json */,
				D11B2E772650B70B00D994D8 /* missions.json */,
				D11B2E4F2650AE2400D994D8 /* Assets.xcassets */,
				D11B2E542650AE2400D994D8 /* Info.plist */,
				D11B2E512650AE2400D994D8 /* Preview Content */,
			);
			path = Moonshot;
			sourceTree = "<group>";
		};
		D11B2E512650AE2400D994D8 /* Preview Content */ = {
			isa = PBXGroup;
			children = (
				D11B2E522650AE2400D994D8 /* Preview Assets.xcassets */,
			);
			path = "Preview Content";
			sourceTree = "<group>";
		};
		D11B2E5C2650AE2500D994D8 /* MoonshotTests */ = {
			isa = PBXGroup;
			children = (
				D11B2E5D2650AE2500D994D8 /* MoonshotTests.swift */,
				D11B2E5F2650AE2500D994D8 /* Info.plist */,
			);
			path = MoonshotTests;
			sourceTree = "<group>";
		};
		D11B2E672650AE2500D994D8 /* MoonshotUITests */ = {
			isa = PBXGroup;
			children = (
				D11B2E682650AE2500D994D8 /* MoonshotUITests.swift */,
				D11B2E6A2650AE2500D994D8 /* Info.plist */,
			);
			path = MoonshotUITests;
			sourceTree = "<group>";
		};
/* End PBXGroup section */

/* Begin PBXNativeTarget section */
		D11B2E472650AE2300D994D8 /* Moonshot */ = {
			isa = PBXNativeTarget;
			buildConfigurationList = D11B2E6D2650AE2500D994D8 /* Build configuration list for PBXNativeTarget "Moonshot" */;
			buildPhases = (
				D11B2E442650AE2300D994D8 /* Sources */,
				D11B2E452650AE2300D994D8 /* Frameworks */,
				D11B2E462650AE2300D994D8 /* Resources */,
			);
			buildRules = (
			);
			dependencies = (
			);
			name = Moonshot;
			productName = Moonshot;
			productReference = D11B2E482650AE2300D994D8 /* Moonshot.app */;
			productType = "com.apple.product-type.application";
		};
		D11B2E582650AE2500D994D8 /* MoonshotTests */ = {
			isa = PBXNativeTarget;
			buildConfigurationList = D11B2E702650AE2500D994D8 /* Build configuration list for PBXNativeTarget "MoonshotTests" */;
			buildPhases = (
				D11B2E552650AE2500D994D8 /* Sources */,
				D11B2E562650AE2500D994D8 /* Frameworks */,
				D11B2E572650AE2500D994D8 /* Resources */,
			);
			buildRules = (
			);
			dependencies = (
				D11B2E5B2650AE2500D994D8 /* PBXTargetDependency */,
			);
			name = MoonshotTests;
			productName = MoonshotTests;
			productReference = D11B2E592650AE2500D994D8 /* MoonshotTests.xctest */;
			productType = "com.apple.product-type.bundle.unit-test";
		};
		D11B2E632650AE2500D994D8 /* MoonshotUITests */ = {
			isa = PBXNativeTarget;
			buildConfigurationList = D11B2E732650AE2500D994D8 /* Build configuration list for PBXNativeTarget "MoonshotUITests" */;
			buildPhases = (
				D11B2E602650AE2500D994D8 /* Sources */,
				D11B2E612650AE2500D994D8 /* Frameworks */,
				D11B2E622650AE2500D994D8 /* Resources */,
			);
			buildRules = (
			);
			dependencies = (
				D11B2E662650AE2500D994D8 /* PBXTargetDependency */,
			);
			name = MoonshotUITests;
			productName = MoonshotUITests;
			productReference = D11B2E642650AE2500D994D8 /* MoonshotUITests.xctest */;
			productType = "com.apple.product-type.bundle.ui-testing";
		};
/* End PBXNativeTarget section */

/* Begin PBXProject section */
		D11B2E402650AE2300D994D8 /* Project object */ = {
			isa = PBXProject;
			attributes = {
				LastSwiftUpdateCheck = 1250;
				LastUpgradeCheck = 1250;
				TargetAttributes = {
					D11B2E472650AE2300D994D8 = {
						CreatedOnToolsVersion = 12.5;
					};
					D11B2E582650AE2500D994D8 = {
						CreatedOnToolsVersion = 12.5;
						TestTargetID = D11B2E472650AE2300D994D8;
					};
					D11B2E632650AE2500D994D8 = {
						CreatedOnToolsVersion = 12.5;
						TestTargetID = D11B2E472650AE2300D994D8;
					};
				};
			};
			buildConfigurationList = D11B2E432650AE2300D994D8 /* Build configuration list for PBXProject "Moonshot" */;
			compatibilityVersion = "Xcode 9.3";
			developmentRegion = en;
			hasScannedForEncodings = 0;
			knownRegions = (
				en,
				Base,
			);
			mainGroup = D11B2E3F2650AE2300D994D8;
			productRefGroup = D11B2E492650AE2300D994D8 /* Products */;
			projectDirPath = "";
			projectRoot = "";
			targets = (
				D11B2E472650AE2300D994D8 /* Moonshot */,
				D11B2E582650AE2500D994D8 /* MoonshotTests */,
				D11B2E632650AE2500D994D8 /* MoonshotUITests */,
			);
		};
/* End PBXProject section */

/* Begin PBXResourcesBuildPhase section */
		D11B2E462650AE2300D994D8 /* Resources */ = {
			isa = PBXResourcesBuildPhase;
			buildActionMask = 2147483647;
			files = (
				D11B2E782650B70B00D994D8 /* astronauts.json in Resources */,
				D11B2E532650AE2400D994D8 /* Preview Assets.xcassets in Resources */,
				D11B2E792650B70B00D994D8 /* missions.json in Resources */,
				D11B2E502650AE2400D994D8 /* Assets.xcassets in Resources */,
			);
			runOnlyForDeploymentPostprocessing = 0;
		};
		D11B2E572650AE2500D994D8 /* Resources */ = {
			isa = PBXResourcesBuildPhase;
			buildActionMask = 2147483647;
			files = (
			);
			runOnlyForDeploymentPostprocessing = 0;
		};
		D11B2E622650AE2500D994D8 /* Resources */ = {
			isa = PBXResourcesBuildPhase;
			buildActionMask = 2147483647;
			files = (
			);
			runOnlyForDeploymentPostprocessing = 0;
		};
/* End PBXResourcesBuildPhase section */

/* Begin PBXSourcesBuildPhase section */
		D11B2E442650AE2300D994D8 /* Sources */ = {
			isa = PBXSourcesBuildPhase;
			buildActionMask = 2147483647;
			files = (
				D11B2E832650C6A000D994D8 /* AstronautView.swift in Sources */,
				D11B2E7B2650B74400D994D8 /* Astronaut.swift in Sources */,
				D11B2E4E2650AE2300D994D8 /* ContentView.swift in Sources */,
				D11B2E4C2650AE2300D994D8 /* MoonshotApp.swift in Sources */,
				D11B2E7F2650B93B00D994D8 /* Mission.swift in Sources */,
				D11B2E7D2650B77E00D994D8 /* Bundle-Decodable.swift in Sources */,
				D11B2E812650C21200D994D8 /* MissionView.swift in Sources */,
			);
			runOnlyForDeploymentPostprocessing = 0;
		};
		D11B2E552650AE2500D994D8 /* Sources */ = {
			isa = PBXSourcesBuildPhase;
			buildActionMask = 2147483647;
			files = (
				D11B2E5E2650AE2500D994D8 /* MoonshotTests.swift in Sources */,
			);
			runOnlyForDeploymentPostprocessing = 0;
		};
		D11B2E602650AE2500D994D8 /* Sources */ = {
			isa = PBXSourcesBuildPhase;
			buildActionMask = 2147483647;
			files = (
				D11B2E692650AE2500D994D8 /* MoonshotUITests.swift in Sources */,
			);
			runOnlyForDeploymentPostprocessing = 0;
		};
/* End PBXSourcesBuildPhase section */

/* Begin PBXTargetDependency section */
		D11B2E5B2650AE2500D994D8 /* PBXTargetDependency */ = {
			isa = PBXTargetDependency;
			target = D11B2E472650AE2300D994D8 /* Moonshot */;
			targetProxy = D11B2E5A2650AE2500D994D8 /* PBXContainerItemProxy */;
		};
		D11B2E662650AE2500D994D8 /* PBXTargetDependency */ = {
			isa = PBXTargetDependency;
			target = D11B2E472650AE2300D994D8 /* Moonshot */;
			targetProxy = D11B2E652650AE2500D994D8 /* PBXContainerItemProxy */;
		};
/* End PBXTargetDependency section */

/* Begin XCBuildConfiguration section */
		D11B2E6B2650AE2500D994D8 /* Debug */ = {
			isa = XCBuildConfiguration;
			buildSettings = {
				ALWAYS_SEARCH_USER_PATHS = NO;
				CLANG_ANALYZER_NONNULL = YES;
				CLANG_ANALYZER_NUMBER_OBJECT_CONVERSION = YES_AGGRESSIVE;
				CLANG_CXX_LANGUAGE_STANDARD = "gnu++14";
				CLANG_CXX_LIBRARY = "libc++";
				CLANG_ENABLE_MODULES = YES;
				CLANG_ENABLE_OBJC_ARC = YES;
				CLANG_ENABLE_OBJC_WEAK = YES;
				CLANG_WARN_BLOCK_CAPTURE_AUTORELEASING = YES;
				CLANG_WARN_BOOL_CONVERSION = YES;
				CLANG_WARN_COMMA = YES;
				CLANG_WARN_CONSTANT_CONVERSION = YES;
				CLANG_WARN_DEPRECATED_OBJC_IMPLEMENTATIONS = YES;
				CLANG_WARN_DIRECT_OBJC_ISA_USAGE = YES_ERROR;
				CLANG_WARN_DOCUMENTATION_COMMENTS = YES;
				CLANG_WARN_EMPTY_BODY = YES;
				CLANG_WARN_ENUM_CONVERSION = YES;
				CLANG_WARN_INFINITE_RECURSION = YES;
				CLANG_WARN_INT_CONVERSION = YES;
				CLANG_WARN_NON_LITERAL_NULL_CONVERSION = YES;
				CLANG_WARN_OBJC_IMPLICIT_RETAIN_SELF = YES;
				CLANG_WARN_OBJC_LITERAL_CONVERSION = YES;
				CLANG_WARN_OBJC_ROOT_CLASS = YES_ERROR;
				CLANG_WARN_QUOTED_INCLUDE_IN_FRAMEWORK_HEADER = YES;
				CLANG_WARN_RANGE_LOOP_ANALYSIS = YES;
				CLANG_WARN_STRICT_PROTOTYPES = YES;
				CLANG_WARN_SUSPICIOUS_MOVE = YES;
				CLANG_WARN_UNGUARDED_AVAILABILITY = YES_AGGRESSIVE;
				CLANG_WARN_UNREACHABLE_CODE = YES;
				CLANG_WARN__DUPLICATE_METHOD_MATCH = YES;
				COPY_PHASE_STRIP = NO;
				DEBUG_INFORMATION_FORMAT = dwarf;
				ENABLE_STRICT_OBJC_MSGSEND = YES;
				ENABLE_TESTABILITY = YES;
				GCC_C_LANGUAGE_STANDARD = gnu11;
				GCC_DYNAMIC_NO_PIC = NO;
				GCC_NO_COMMON_BLOCKS = YES;
				GCC_OPTIMIZATION_LEVEL = 0;
				GCC_PREPROCESSOR_DEFINITIONS = (
					"DEBUG=1",
					"$(inherited)",
				);
				GCC_WARN_64_TO_32_BIT_CONVERSION = YES;
				GCC_WARN_ABOUT_RETURN_TYPE = YES_ERROR;
				GCC_WARN_UNDECLARED_SELECTOR = YES;
				GCC_WARN_UNINITIALIZED_AUTOS = YES_AGGRESSIVE;
				GCC_WARN_UNUSED_FUNCTION = YES;
				GCC_WARN_UNUSED_VARIABLE = YES;
				IPHONEOS_DEPLOYMENT_TARGET = 14.5;
				MTL_ENABLE_DEBUG_INFO = INCLUDE_SOURCE;
				MTL_FAST_MATH = YES;
				ONLY_ACTIVE_ARCH = YES;
				SDKROOT = iphoneos;
				SWIFT_ACTIVE_COMPILATION_CONDITIONS = DEBUG;
				SWIFT_OPTIMIZATION_LEVEL = "-Onone";
			};
			name = Debug;
		};
		D11B2E6C2650AE2500D994D8 /* Release */ = {
			isa = XCBuildConfiguration;
			buildSettings = {
				ALWAYS_SEARCH_USER_PATHS = NO;
				CLANG_ANALYZER_NONNULL = YES;
				CLANG_ANALYZER_NUMBER_OBJECT_CONVERSION = YES_AGGRESSIVE;
				CLANG_CXX_LANGUAGE_STANDARD = "gnu++14";
				CLANG_CXX_LIBRARY = "libc++";
				CLANG_ENABLE_MODULES = YES;
				CLANG_ENABLE_OBJC_ARC = YES;
				CLANG_ENABLE_OBJC_WEAK = YES;
				CLANG_WARN_BLOCK_CAPTURE_AUTORELEASING = YES;
				CLANG_WARN_BOOL_CONVERSION = YES;
				CLANG_WARN_COMMA = YES;
				CLANG_WARN_CONSTANT_CONVERSION = YES;
				CLANG_WARN_DEPRECATED_OBJC_IMPLEMENTATIONS = YES;
				CLANG_WARN_DIRECT_OBJC_ISA_USAGE = YES_ERROR;
				CLANG_WARN_DOCUMENTATION_COMMENTS = YES;
				CLANG_WARN_EMPTY_BODY = YES;
				CLANG_WARN_ENUM_CONVERSION = YES;
				CLANG_WARN_INFINITE_RECURSION = YES;
				CLANG_WARN_INT_CONVERSION = YES;
				CLANG_WARN_NON_LITERAL_NULL_CONVERSION = YES;
				CLANG_WARN_OBJC_IMPLICIT_RETAIN_SELF = YES;
				CLANG_WARN_OBJC_LITERAL_CONVERSION = YES;
				CLANG_WARN_OBJC_ROOT_CLASS = YES_ERROR;
				CLANG_WARN_QUOTED_INCLUDE_IN_FRAMEWORK_HEADER = YES;
				CLANG_WARN_RANGE_LOOP_ANALYSIS = YES;
				CLANG_WARN_STRICT_PROTOTYPES = YES;
				CLANG_WARN_SUSPICIOUS_MOVE = YES;
				CLANG_WARN_UNGUARDED_AVAILABILITY = YES_AGGRESSIVE;
				CLANG_WARN_UNREACHABLE_CODE = YES;
				CLANG_WARN__DUPLICATE_METHOD_MATCH = YES;
				COPY_PHASE_STRIP = NO;
				DEBUG_INFORMATION_FORMAT = "dwarf-with-dsym";
				ENABLE_NS_ASSERTIONS = NO;
				ENABLE_STRICT_OBJC_MSGSEND = YES;
				GCC_C_LANGUAGE_STANDARD = gnu11;
				GCC_NO_COMMON_BLOCKS = YES;
				GCC_WARN_64_TO_32_BIT_CONVERSION = YES;
				GCC_WARN_ABOUT_RETURN_TYPE = YES_ERROR;
				GCC_WARN_UNDECLARED_SELECTOR = YES;
				GCC_WARN_UNINITIALIZED_AUTOS = YES_AGGRESSIVE;
				GCC_WARN_UNUSED_FUNCTION = YES;
				GCC_WARN_UNUSED_VARIABLE = YES;
				IPHONEOS_DEPLOYMENT_TARGET = 14.5;
				MTL_ENABLE_DEBUG_INFO = NO;
				MTL_FAST_MATH = YES;
				SDKROOT = iphoneos;
				SWIFT_COMPILATION_MODE = wholemodule;
				SWIFT_OPTIMIZATION_LEVEL = "-O";
				VALIDATE_PRODUCT = YES;
			};
			name = Release;
		};
		D11B2E6E2650AE2500D994D8 /* Debug */ = {
			isa = XCBuildConfiguration;
			buildSettings = {
				ASSETCATALOG_COMPILER_APPICON_NAME = AppIcon;
				ASSETCATALOG_COMPILER_GLOBAL_ACCENT_COLOR_NAME = AccentColor;
				CODE_SIGN_STYLE = Automatic;
				DEVELOPMENT_ASSET_PATHS = "\"Moonshot/Preview Content\"";
				DEVELOPMENT_TEAM = 69Y77S7YQP;
				ENABLE_PREVIEWS = YES;
				INFOPLIST_FILE = Moonshot/Info.plist;
				IPHONEOS_DEPLOYMENT_TARGET = 14.0;
				LD_RUNPATH_SEARCH_PATHS = (
					"$(inherited)",
					"@executable_path/Frameworks",
				);
				PRODUCT_BUNDLE_IDENTIFIER = com.ronaldogomes.Moonshot;
				PRODUCT_NAME = "$(TARGET_NAME)";
				SWIFT_VERSION = 5.0;
				TARGETED_DEVICE_FAMILY = "1,2";
			};
			name = Debug;
		};
		D11B2E6F2650AE2500D994D8 /* Release */ = {
			isa = XCBuildConfiguration;
			buildSettings = {
				ASSETCATALOG_COMPILER_APPICON_NAME = AppIcon;
				ASSETCATALOG_COMPILER_GLOBAL_ACCENT_COLOR_NAME = AccentColor;
				CODE_SIGN_STYLE = Automatic;
				DEVELOPMENT_ASSET_PATHS = "\"Moonshot/Preview Content\"";
				DEVELOPMENT_TEAM = 69Y77S7YQP;
				ENABLE_PREVIEWS = YES;
				INFOPLIST_FILE = Moonshot/Info.plist;
				IPHONEOS_DEPLOYMENT_TARGET = 14.0;
				LD_RUNPATH_SEARCH_PATHS = (
					"$(inherited)",
					"@executable_path/Frameworks",
				);
				PRODUCT_BUNDLE_IDENTIFIER = com.ronaldogomes.Moonshot;
				PRODUCT_NAME = "$(TARGET_NAME)";
				SWIFT_VERSION = 5.0;
				TARGETED_DEVICE_FAMILY = "1,2";
			};
			name = Release;
		};
		D11B2E712650AE2500D994D8 /* Debug */ = {
			isa = XCBuildConfiguration;
			buildSettings = {
				ALWAYS_EMBED_SWIFT_STANDARD_LIBRARIES = YES;
				BUNDLE_LOADER = "$(TEST_HOST)";
				CODE_SIGN_STYLE = Automatic;
				DEVELOPMENT_TEAM = 69Y77S7YQP;
				INFOPLIST_FILE = MoonshotTests/Info.plist;
				IPHONEOS_DEPLOYMENT_TARGET = 14.0;
				LD_RUNPATH_SEARCH_PATHS = (
					"$(inherited)",
					"@executable_path/Frameworks",
					"@loader_path/Frameworks",
				);
				PRODUCT_BUNDLE_IDENTIFIER = com.ronaldogomes.MoonshotTests;
				PRODUCT_NAME = "$(TARGET_NAME)";
				SWIFT_VERSION = 5.0;
				TARGETED_DEVICE_FAMILY = "1,2";
				TEST_HOST = "$(BUILT_PRODUCTS_DIR)/Moonshot.app/Moonshot";
			};
			name = Debug;
		};
		D11B2E722650AE2500D994D8 /* Release */ = {
			isa = XCBuildConfiguration;
			buildSettings = {
				ALWAYS_EMBED_SWIFT_STANDARD_LIBRARIES = YES;
				BUNDLE_LOADER = "$(TEST_HOST)";
				CODE_SIGN_STYLE = Automatic;
				DEVELOPMENT_TEAM = 69Y77S7YQP;
				INFOPLIST_FILE = MoonshotTests/Info.plist;
				IPHONEOS_DEPLOYMENT_TARGET = 14.0;
				LD_RUNPATH_SEARCH_PATHS = (
					"$(inherited)",
					"@executable_path/Frameworks",
					"@loader_path/Frameworks",
				);
				PRODUCT_BUNDLE_IDENTIFIER = com.ronaldogomes.MoonshotTests;
				PRODUCT_NAME = "$(TARGET_NAME)";
				SWIFT_VERSION = 5.0;
				TARGETED_DEVICE_FAMILY = "1,2";
				TEST_HOST = "$(BUILT_PRODUCTS_DIR)/Moonshot.app/Moonshot";
			};
			name = Release;
		};
		D11B2E742650AE2500D994D8 /* Debug */ = {
			isa = XCBuildConfiguration;
			buildSettings = {
				ALWAYS_EMBED_SWIFT_STANDARD_LIBRARIES = YES;
				CODE_SIGN_STYLE = Automatic;
				DEVELOPMENT_TEAM = 69Y77S7YQP;
				INFOPLIST_FILE = MoonshotUITests/Info.plist;
				LD_RUNPATH_SEARCH_PATHS = (
					"$(inherited)",
					"@executable_path/Frameworks",
					"@loader_path/Frameworks",
				);
				PRODUCT_BUNDLE_IDENTIFIER = com.ronaldogomes.MoonshotUITests;
				PRODUCT_NAME = "$(TARGET_NAME)";
				SWIFT_VERSION = 5.0;
				TARGETED_DEVICE_FAMILY = "1,2";
				TEST_TARGET_NAME = Moonshot;
			};
			name = Debug;
		};
		D11B2E752650AE2500D994D8 /* Release */ = {
			isa = XCBuildConfiguration;
			buildSettings = {
				ALWAYS_EMBED_SWIFT_STANDARD_LIBRARIES = YES;
				CODE_SIGN_STYLE = Automatic;
				DEVELOPMENT_TEAM = 69Y77S7YQP;
				INFOPLIST_FILE = MoonshotUITests/Info.plist;
				LD_RUNPATH_SEARCH_PATHS = (
					"$(inherited)",
					"@executable_path/Frameworks",
					"@loader_path/Frameworks",
				);
				PRODUCT_BUNDLE_IDENTIFIER = com.ronaldogomes.MoonshotUITests;
				PRODUCT_NAME = "$(TARGET_NAME)";
				SWIFT_VERSION = 5.0;
				TARGETED_DEVICE_FAMILY = "1,2";
				TEST_TARGET_NAME = Moonshot;
			};
			name = Release;
		};
/* End XCBuildConfiguration section */

/* Begin XCConfigurationList section */
		D11B2E432650AE2300D994D8 /* Build configuration list for PBXProject "Moonshot" */ = {
			isa = XCConfigurationList;
			buildConfigurations = (
				D11B2E6B2650AE2500D994D8 /* Debug */,
				D11B2E6C2650AE2500D994D8 /* Release */,
			);
			defaultConfigurationIsVisible = 0;
			defaultConfigurationName = Release;
		};
		D11B2E6D2650AE2500D994D8 /* Build configuration list for PBXNativeTarget "Moonshot" */ = {
			isa = XCConfigurationList;
			buildConfigurations = (
				D11B2E6E2650AE2500D994D8 /* Debug */,
				D11B2E6F2650AE2500D994D8 /* Release */,
			);
			defaultConfigurationIsVisible = 0;
			defaultConfigurationName = Release;
		};
		D11B2E702650AE2500D994D8 /* Build configuration list for PBXNativeTarget "MoonshotTests" */ = {
			isa = XCConfigurationList;
			buildConfigurations = (
				D11B2E712650AE2500D994D8 /* Debug */,
				D11B2E722650AE2500D994D8 /* Release */,
			);
			defaultConfigurationIsVisible = 0;
			defaultConfigurationName = Release;
		};
		D11B2E732650AE2500D994D8 /* Build configuration list for PBXNativeTarget "MoonshotUITests" */ = {
			isa = XCConfigurationList;
			buildConfigurations = (
				D11B2E742650AE2500D994D8 /* Debug */,
				D11B2E752650AE2500D994D8 /* Release */,
			);
			defaultConfigurationIsVisible = 0;
			defaultConfigurationName = Release;
		};
/* End XCConfigurationList section */
	};
	rootObject = D11B2E402650AE2300D994D8 /* Project object */;
}
